
Microsoft Visual Studio Solution File, Format Version 12.00
# Visual Studio 2012
Project("{2150E333-8FDC-42A3-9474-1A3956D46DE8}") = "Solution Items", "Solution Items", "{3E1D744D-0672-44B4-9181-0B1F2937D2FA}"
	ProjectSection(SolutionItems) = preProject
		Sqls\BackupRestore.sql = Sqls\BackupRestore.sql
		Certificates\DevRootAuth.cer = Certificates\DevRootAuth.cer
		Sqls\Dynamic Sql.sql = Sqls\Dynamic Sql.sql
		Sqls\Forex.sql = Sqls\Forex.sql
		Sqls\GetForexRate.sql = Sqls\GetForexRate.sql
		Sqls\Job.sql = Sqls\Job.sql
		Certificates\localhost.cer = Certificates\localhost.cer
		Sqls\ProductVersion.sql = Sqls\ProductVersion.sql
		Sqls\SecondHighest.sql = Sqls\SecondHighest.sql
		Sqls\SelectSample.sql = Sqls\SelectSample.sql
		Sqls\SqlClr.sql = Sqls\SqlClr.sql
		SqlServer Services\SqlServer2008Start.cmd = SqlServer Services\SqlServer2008Start.cmd
		SqlServer Services\SqlServer2008Stop.cmd = SqlServer Services\SqlServer2008Stop.cmd
		Sqls\SSNSConfig.sql = Sqls\SSNSConfig.sql
		Certificates\testclient.cer = Certificates\testclient.cer
		Sqls\Trigger.sql = Sqls\Trigger.sql
	EndProjectSection
EndProject
Project("{FAE04EC0-301F-11D3-BF4B-00C04F79EFBC}") = "ConnectionManager", "ConnectionManager\ConnectionManager\ConnectionManager.csproj", "{615E01EE-8D35-462D-A20E-77843995EE76}"
EndProject
Project("{FAE04EC0-301F-11D3-BF4B-00C04F79EFBC}") = "HttpPushFromMsSql", "HttpPushFromMsSql\HttpPushFromMsSql.csproj", "{5AE70A85-486C-4E93-BA82-5AFD8EEDED9F}"
EndProject
Project("{FAE04EC0-301F-11D3-BF4B-00C04F79EFBC}") = "CustomBuildTask", "CustomBuildTask\CustomBuildTask\CustomBuildTask.csproj", "{142C808E-159B-4DE6-ADC0-3CAA8C9288AB}"
EndProject
Project("{FAE04EC0-301F-11D3-BF4B-00C04F79EFBC}") = "CustomConfigTest", "CustomConfigTest\CustomConfigTest\CustomConfigTest\CustomConfigTest.csproj", "{E3394B94-D396-44A6-8717-1502D0AE41B6}"
EndProject
Project("{FAE04EC0-301F-11D3-BF4B-00C04F79EFBC}") = "TestCustomConfig", "CustomConfigTest\CustomConfigTest\TestCustomConfig\TestCustomConfig.csproj", "{458B55B6-5F8D-4E38-9979-524EFD5309BC}"
EndProject
Project("{FAE04EC0-301F-11D3-BF4B-00C04F79EFBC}") = "DatabaseTest", "DatabaseTest\DatabaseTest\DatabaseTest.csproj", "{7EB2E611-130D-432E-9F23-C75DFA645980}"
EndProject
Project("{FAE04EC0-301F-11D3-BF4B-00C04F79EFBC}") = "DBAccess", "DBAccess\DBAccess\DBAccess.csproj", "{8B89D502-7E1C-4A7E-A045-FE1011FE3F5E}"
EndProject
Project("{FAE04EC0-301F-11D3-BF4B-00C04F79EFBC}") = "DbHelper", "DBHelper\DBHelper\DbHelper.csproj", "{03FE5059-4861-4DD0-AB5C-1608E8929956}"
EndProject
Project("{FAE04EC0-301F-11D3-BF4B-00C04F79EFBC}") = "ForexUpdater", "DBHelper\ForexUpdater\ForexUpdater.csproj", "{4631E9EB-2DF5-4950-870E-0B9C1AE5C90D}"
EndProject
Project("{FAE04EC0-301F-11D3-BF4B-00C04F79EFBC}") = "ForexDashboard", "ForexDashboard\ForexDashboard\ForexDashboard.csproj", "{2C188980-DB38-412B-823A-614768544972}"
EndProject
Project("{FAE04EC0-301F-11D3-BF4B-00C04F79EFBC}") = "MockingTest", "MockingTest\MockingTest\MockingTest.csproj", "{01B92997-B683-4A6C-8E2B-181F13AA05A5}"
EndProject
Project("{FAE04EC0-301F-11D3-BF4B-00C04F79EFBC}") = "ExpressTreeList", "ScrollbarTest\ExpressTreeList\ExpressTreeList.csproj", "{D60FB4E6-007F-44C8-8124-4D95F25A5409}"
EndProject
Project("{FAE04EC0-301F-11D3-BF4B-00C04F79EFBC}") = "ScrollbarTest", "ScrollbarTest\ScrollbarTest\ScrollbarTest.csproj", "{7C6E340F-C806-4BC5-AE80-C904186CF6D9}"
EndProject
Project("{FAE04EC0-301F-11D3-BF4B-00C04F79EFBC}") = "ExpressTreeList.Test", "ScrollbarTest\Test\ExpressTreeList.Test.csproj", "{71C77641-0791-4492-82CE-A0D82D4EA1E7}"
EndProject
Project("{FAE04EC0-301F-11D3-BF4B-00C04F79EFBC}") = "SslTcpClient", "SecureAppMsdn\SslTcpClient\SslTcpClient.csproj", "{78B38E30-0657-464D-A9D5-226665A799F0}"
EndProject
Project("{FAE04EC0-301F-11D3-BF4B-00C04F79EFBC}") = "SslTcpServer", "SecureAppMsdn\SslTcpServer\SslTcpServer.csproj", "{B09315D3-1844-492D-A66E-817C862554F8}"
EndProject
Project("{FAE04EC0-301F-11D3-BF4B-00C04F79EFBC}") = "SecureSocketClient", "SecureSocket\SecureSocketClient\SecureSocketClient.csproj", "{A39D5C80-1C9C-43F4-AD52-5A19C0E49B8E}"
EndProject
Project("{FAE04EC0-301F-11D3-BF4B-00C04F79EFBC}") = "SecureSocketServer", "SecureSocket\SecureSocketServer\SecureSocketServer.csproj", "{049D230A-26DA-40BE-916B-1118677E297E}"
EndProject
Project("{FAE04EC0-301F-11D3-BF4B-00C04F79EFBC}") = "MSDN.Sample1", "SecureSocketApps\Sample1\MSDN.Sample1.csproj", "{330B599D-9AD7-4B70-8AF1-97B19E48A8F5}"
EndProject
Project("{FAE04EC0-301F-11D3-BF4B-00C04F79EFBC}") = "MSDN.Sample2", "SecureSocketApps\Sample2\MSDN.Sample2.csproj", "{7E652911-D3F3-4789-9501-F62A9901D01D}"
EndProject
Project("{FAE04EC0-301F-11D3-BF4B-00C04F79EFBC}") = "TestSecuWebService", "TestSecuWebService\TestSecuWebService\TestSecuWebService.csproj", "{FCC5BFCC-1F93-4AF9-BE94-788090417B1B}"
EndProject
Project("{FAE04EC0-301F-11D3-BF4B-00C04F79EFBC}") = "Fibonacci", "ThreadFibonacci\Fibonacci\Fibonacci.csproj", "{E60B90B0-894C-4D43-BD90-8A8B09195FD7}"
EndProject
Project("{FAE04EC0-301F-11D3-BF4B-00C04F79EFBC}") = "Fibonacci.Thread", "ThreadFibonacci\ThreadFibonacci\Fibonacci.Thread.csproj", "{D3D700D6-0125-442E-B5E8-4505D069EC3B}"
EndProject
Project("{FAE04EC0-301F-11D3-BF4B-00C04F79EFBC}") = "WebAjaxDemo", "WebAjaxDemo\WebAjaxDemo\WebAjaxDemo.csproj", "{57DBDCE1-13F2-4C7D-9040-836DC82911E2}"
EndProject
Project("{FAE04EC0-301F-11D3-BF4B-00C04F79EFBC}") = "WebDemo", "WebDemo\WebDemo\WebDemo.csproj", "{7C86BF7F-6182-4DA2-9A9E-9DD1BB22F78F}"
EndProject
Project("{FAE04EC0-301F-11D3-BF4B-00C04F79EFBC}") = "WindowEngine.Admin.GuiManager", "WindowEngine\WindowEngine.Admin.GuiManager\WindowEngine.Admin.GuiManager.csproj", "{A56E3071-2705-436A-B6AF-3F9AB65A2B08}"
EndProject
Project("{FAE04EC0-301F-11D3-BF4B-00C04F79EFBC}") = "WindowEngine.ClientFramework", "WindowEngine\WindowEngine.ClientFramework\WindowEngine.ClientFramework.csproj", "{7C8EECE1-B535-45B7-AB41-A2933ADBDCED}"
EndProject
Project("{FAE04EC0-301F-11D3-BF4B-00C04F79EFBC}") = "WindowEngine.GuiSystem", "WindowEngine\WindowEngine.GuiSystem\WindowEngine.GuiSystem.csproj", "{34FDD5B2-D224-42F0-8A80-B9C4A708977E}"
EndProject
Project("{FAE04EC0-301F-11D3-BF4B-00C04F79EFBC}") = "WindowEngine.Main.Controls", "WindowEngine\WindowEngine.Main\WindowEngine.Main.Controls.csproj", "{E15D87CE-A3FD-4213-9A73-EBA572EF101F}"
EndProject
Project("{FAE04EC0-301F-11D3-BF4B-00C04F79EFBC}") = "WindowEngine.Main.GuiManager", "WindowEngine\WindowEngine.Main.GuiManager\WindowEngine.Main.GuiManager.csproj", "{6DD4DA3A-5EEE-4675-9C4E-2A0284357B3F}"
EndProject
Project("{FAE04EC0-301F-11D3-BF4B-00C04F79EFBC}") = "TFS", "Tasks\TFS\TFS.csproj", "{C018F368-3B3C-4900-B472-4A97A6D39304}"
EndProject
Project("{FAE04EC0-301F-11D3-BF4B-00C04F79EFBC}") = "SQLNotificationRequest", "SQLNotificationDBScript\SQLNotificationRequest.csproj", "{5DCB57ED-2EB3-42E8-AB5A-D29C0329D251}"
EndProject
Project("{FAE04EC0-301F-11D3-BF4B-00C04F79EFBC}") = "ExampleProject.Foundation.ModelViewPresenter", "ExampleProject\CobaltSoftware.Foundation.ModelViewPresenter\ExampleProject.Foundation.ModelViewPresenter.csproj", "{3CE5D2DF-8BD1-4E16-9285-6C4AB690F00C}"
EndProject
Project("{FAE04EC0-301F-11D3-BF4B-00C04F79EFBC}") = "ExampleProject.Application", "ExampleProject\ExampleProject.Application\ExampleProject.Application.csproj", "{25AD83E2-805C-4093-8265-D9DE41B546D0}"
EndProject
Project("{FAE04EC0-301F-11D3-BF4B-00C04F79EFBC}") = "ExampleProject.Contracts", "ExampleProject\ExampleProject.Contracts\ExampleProject.Contracts.csproj", "{034C2594-527D-4A60-B2FB-06498C28FBA3}"
EndProject
Project("{FAE04EC0-301F-11D3-BF4B-00C04F79EFBC}") = "ExampleProject.Model", "ExampleProject\ExampleProject.Model\ExampleProject.Model.csproj", "{0633B1F0-88C5-418C-9ACF-0C27D4D1D596}"
EndProject
Project("{FAE04EC0-301F-11D3-BF4B-00C04F79EFBC}") = "ExampleProject.Presenters", "ExampleProject\ExampleProject.Presenters\ExampleProject.Presenters.csproj", "{0BE75380-D40D-4A5D-916A-97862A997428}"
EndProject
Project("{FAE04EC0-301F-11D3-BF4B-00C04F79EFBC}") = "ExampleProject.Views", "ExampleProject\ExampleProject.Views\ExampleProject.Views.csproj", "{820854B3-5A1E-4C15-B70D-6AAC9887538E}"
EndProject
Project("{FAE04EC0-301F-11D3-BF4B-00C04F79EFBC}") = "LinqToSql", "LinqToSql\LinqToSql.csproj", "{08D1B83A-6A48-4A6B-B310-8DE511F2A0D4}"
EndProject
Project("{FAE04EC0-301F-11D3-BF4B-00C04F79EFBC}") = "ModelViewController", "ModelViewController_Part1\ModelViewController.csproj", "{0AB7A3BD-03B8-43C9-85DA-130C9D2A4C66}"
EndProject
Project("{FAE04EC0-301F-11D3-BF4B-00C04F79EFBC}") = "MVC.Controller", "MVC\Controller\MVC.Controller.csproj", "{CC9D75B6-8A5C-40E7-9E8D-8596C04974BA}"
EndProject
Project("{FAE04EC0-301F-11D3-BF4B-00C04F79EFBC}") = "MVC.GridContract", "MVC\GridContract\MVC.GridContract.csproj", "{56BA3E7C-BCCF-46A8-A01F-5F6347BB329C}"
EndProject
Project("{FAE04EC0-301F-11D3-BF4B-00C04F79EFBC}") = "MVC.GridContracts", "MVC\GridContracts\MVC.GridContracts.csproj", "{2FEADF38-B4A7-4E5D-84EF-8C1018F0190F}"
EndProject
Project("{FAE04EC0-301F-11D3-BF4B-00C04F79EFBC}") = "MVC.Model", "MVC\Model\MVC.Model.csproj", "{CF682D43-7074-461C-8902-AEC0E8A37BCF}"
EndProject
Project("{FAE04EC0-301F-11D3-BF4B-00C04F79EFBC}") = "MVC.Core", "MVC\MVC.Core\MVC.Core.csproj", "{08B7D9AC-B0DE-4D9B-BF73-6E33731EDFE2}"
EndProject
Project("{FAE04EC0-301F-11D3-BF4B-00C04F79EFBC}") = "MVC.View", "MVC\View\MVC.View.csproj", "{FBEF5A23-F32E-4466-ACA1-D5EDA63197CF}"
EndProject
Project("{FAE04EC0-301F-11D3-BF4B-00C04F79EFBC}") = "MVC.Driver", "MVC\MVC\MVC.Driver.csproj", "{A4F9F850-92E8-4AF2-96A5-90C0FFCD5242}"
EndProject
Project("{FAE04EC0-301F-11D3-BF4B-00C04F79EFBC}") = "MVC", "MVCPattern\MVC\MVC.csproj", "{791E29C6-962B-46A3-AA57-16EF2670597F}"
EndProject
Project("{FAE04EC0-301F-11D3-BF4B-00C04F79EFBC}") = "SocketClient", "MySample\Client\SocketClient.csproj", "{CF142570-A13D-4E6B-BBCE-D713F3C96ACD}"
EndProject
Project("{FAE04EC0-301F-11D3-BF4B-00C04F79EFBC}") = "SocketServer", "MySample\Server\SocketServer.csproj", "{AA8F01B4-7F84-412B-8387-A2D135D70D17}"
EndProject
Project("{FAE04EC0-301F-11D3-BF4B-00C04F79EFBC}") = "SocketManager", "MySample\SocketManager\SocketManager.csproj", "{526C0D39-F0D0-4E06-BA57-CE707ADF21F2}"
EndProject
Project("{FAE04EC0-301F-11D3-BF4B-00C04F79EFBC}") = "Simple.MVC", "Simple.MVC\Simple.MVC.csproj", "{C8DD70E8-CB6A-4C78-939C-9F9A3BEC87AE}"
EndProject
Project("{FAE04EC0-301F-11D3-BF4B-00C04F79EFBC}") = "ThreadDemo", "ThreadDemo\ThreadDemo\ThreadDemo.csproj", "{6F1E681F-9E57-45C0-80CC-ACB7AFAD4091}"
EndProject
Project("{FAE04EC0-301F-11D3-BF4B-00C04F79EFBC}") = "ThreadTest", "ThreadTest\ThreadTest\ThreadTest.csproj", "{3C5CC4A0-2310-4929-8465-B148A0533AD9}"
EndProject
Project("{FAE04EC0-301F-11D3-BF4B-00C04F79EFBC}") = "ProducerConsumer", "TPL Samples\ProducerConsumer\ProducerConsumer.csproj", "{58B53F28-2E7F-44EA-BE16-C018E8C508D2}"
EndProject
Project("{FAE04EC0-301F-11D3-BF4B-00C04F79EFBC}") = "GettingStarted", "TPL Samples\GettingStarted\GettingStarted.csproj", "{04AB732F-0F8E-4E0A-912E-BE5B4124CB5A}"
EndProject
Project("{FAE04EC0-301F-11D3-BF4B-00C04F79EFBC}") = "PureMVP.Library", "PureMVP\Common\PureMVP.Library.csproj", "{6CE3640A-6D2A-4AE9-BC35-7FCCB1A0CF00}"
EndProject
Project("{FAE04EC0-301F-11D3-BF4B-00C04F79EFBC}") = "PureMVP.Driver", "PureMVP\Driver\PureMVP.Driver.csproj", "{2BBF565D-50AD-43A1-A3AA-2160DBD4AF8F}"
EndProject
Project("{FAE04EC0-301F-11D3-BF4B-00C04F79EFBC}") = "PureMVP.MVP", "PureMVP\MVP\PureMVP.MVP.csproj", "{235DB778-52DC-40F0-88BB-66EFFB07B1F6}"
EndProject
Project("{FAE04EC0-301F-11D3-BF4B-00C04F79EFBC}") = "PureMVP.Tests", "PureMVP\MVP.Tests\PureMVP.Tests.csproj", "{7C62F001-C88B-495B-AF81-B28BFFFCA425}"
EndProject
Project("{FAE04EC0-301F-11D3-BF4B-00C04F79EFBC}") = "LinqTest", "Test\Test\LinqTest.csproj", "{3A6B92FE-FF6C-48DE-9EAA-350B3F28C8BD}"
EndProject
Project("{FAE04EC0-301F-11D3-BF4B-00C04F79EFBC}") = "SearchUtility", "SearchUtility\SearchUtility\SearchUtility.csproj", "{6C144BFA-3F63-4DD5-8F58-15BEB942138C}"
EndProject
Project("{FAE04EC0-301F-11D3-BF4B-00C04F79EFBC}") = "TestSearchUtility", "SearchUtility\TestSearchUtility\TestSearchUtility.csproj", "{EEDED932-6B28-44B7-BD07-4F79E28DD150}"
	ProjectSection(ProjectDependencies) = postProject
		{6C144BFA-3F63-4DD5-8F58-15BEB942138C} = {6C144BFA-3F63-4DD5-8F58-15BEB942138C}
	EndProjectSection
EndProject
Project("{FAE04EC0-301F-11D3-BF4B-00C04F79EFBC}") = "WebServiceDemo", "SearchUtility\WebServiceDemo\WebServiceDemo.csproj", "{F075CEE6-187E-4BF9-892C-B3A9936771AF}"
EndProject
Project("{FAE04EC0-301F-11D3-BF4B-00C04F79EFBC}") = "AutoWindowsService", "AutoWindowsService\AutoWindowsService.csproj", "{B2E2465E-04D2-4398-9D7B-170B0AE1A983}"
EndProject
Project("{FAE04EC0-301F-11D3-BF4B-00C04F79EFBC}") = "Log4NetSample", "Log4NetSample\Log4NetSample.csproj", "{49FE5678-9F15-4D9C-94DA-B49829668E5F}"
EndProject
Global
	GlobalSection(SolutionConfigurationPlatforms) = preSolution
		Debug|Any CPU = Debug|Any CPU
		Debug|Mixed Platforms = Debug|Mixed Platforms
		Debug|x86 = Debug|x86
		Release|Any CPU = Release|Any CPU
		Release|Mixed Platforms = Release|Mixed Platforms
		Release|x86 = Release|x86
	EndGlobalSection
	GlobalSection(ProjectConfigurationPlatforms) = postSolution
		{615E01EE-8D35-462D-A20E-77843995EE76}.Debug|Any CPU.ActiveCfg = Debug|Any CPU
		{615E01EE-8D35-462D-A20E-77843995EE76}.Debug|Any CPU.Build.0 = Debug|Any CPU
		{615E01EE-8D35-462D-A20E-77843995EE76}.Debug|Mixed Platforms.ActiveCfg = Debug|Any CPU
		{615E01EE-8D35-462D-A20E-77843995EE76}.Debug|Mixed Platforms.Build.0 = Debug|Any CPU
		{615E01EE-8D35-462D-A20E-77843995EE76}.Debug|x86.ActiveCfg = Debug|Any CPU
		{615E01EE-8D35-462D-A20E-77843995EE76}.Release|Any CPU.ActiveCfg = Release|Any CPU
		{615E01EE-8D35-462D-A20E-77843995EE76}.Release|Any CPU.Build.0 = Release|Any CPU
		{615E01EE-8D35-462D-A20E-77843995EE76}.Release|Mixed Platforms.ActiveCfg = Release|Any CPU
		{615E01EE-8D35-462D-A20E-77843995EE76}.Release|Mixed Platforms.Build.0 = Release|Any CPU
		{615E01EE-8D35-462D-A20E-77843995EE76}.Release|x86.ActiveCfg = Release|Any CPU
		{5AE70A85-486C-4E93-BA82-5AFD8EEDED9F}.Debug|Any CPU.ActiveCfg = Debug|Any CPU
		{5AE70A85-486C-4E93-BA82-5AFD8EEDED9F}.Debug|Any CPU.Build.0 = Debug|Any CPU
		{5AE70A85-486C-4E93-BA82-5AFD8EEDED9F}.Debug|Mixed Platforms.ActiveCfg = Debug|Any CPU
		{5AE70A85-486C-4E93-BA82-5AFD8EEDED9F}.Debug|Mixed Platforms.Build.0 = Debug|Any CPU
		{5AE70A85-486C-4E93-BA82-5AFD8EEDED9F}.Debug|x86.ActiveCfg = Debug|Any CPU
		{5AE70A85-486C-4E93-BA82-5AFD8EEDED9F}.Release|Any CPU.ActiveCfg = Release|Any CPU
		{5AE70A85-486C-4E93-BA82-5AFD8EEDED9F}.Release|Any CPU.Build.0 = Release|Any CPU
		{5AE70A85-486C-4E93-BA82-5AFD8EEDED9F}.Release|Mixed Platforms.ActiveCfg = Release|Any CPU
		{5AE70A85-486C-4E93-BA82-5AFD8EEDED9F}.Release|Mixed Platforms.Build.0 = Release|Any CPU
		{5AE70A85-486C-4E93-BA82-5AFD8EEDED9F}.Release|x86.ActiveCfg = Release|Any CPU
		{142C808E-159B-4DE6-ADC0-3CAA8C9288AB}.Debug|Any CPU.ActiveCfg = Debug|Any CPU
		{142C808E-159B-4DE6-ADC0-3CAA8C9288AB}.Debug|Any CPU.Build.0 = Debug|Any CPU
		{142C808E-159B-4DE6-ADC0-3CAA8C9288AB}.Debug|Mixed Platforms.ActiveCfg = Debug|Any CPU
		{142C808E-159B-4DE6-ADC0-3CAA8C9288AB}.Debug|Mixed Platforms.Build.0 = Debug|Any CPU
		{142C808E-159B-4DE6-ADC0-3CAA8C9288AB}.Debug|x86.ActiveCfg = Debug|Any CPU
		{142C808E-159B-4DE6-ADC0-3CAA8C9288AB}.Release|Any CPU.ActiveCfg = Release|Any CPU
		{142C808E-159B-4DE6-ADC0-3CAA8C9288AB}.Release|Any CPU.Build.0 = Release|Any CPU
		{142C808E-159B-4DE6-ADC0-3CAA8C9288AB}.Release|Mixed Platforms.ActiveCfg = Release|Any CPU
		{142C808E-159B-4DE6-ADC0-3CAA8C9288AB}.Release|Mixed Platforms.Build.0 = Release|Any CPU
		{142C808E-159B-4DE6-ADC0-3CAA8C9288AB}.Release|x86.ActiveCfg = Release|Any CPU
		{E3394B94-D396-44A6-8717-1502D0AE41B6}.Debug|Any CPU.ActiveCfg = Debug|x86
		{E3394B94-D396-44A6-8717-1502D0AE41B6}.Debug|Mixed Platforms.ActiveCfg = Debug|x86
		{E3394B94-D396-44A6-8717-1502D0AE41B6}.Debug|Mixed Platforms.Build.0 = Debug|x86
		{E3394B94-D396-44A6-8717-1502D0AE41B6}.Debug|x86.ActiveCfg = Debug|x86
		{E3394B94-D396-44A6-8717-1502D0AE41B6}.Debug|x86.Build.0 = Debug|x86
		{E3394B94-D396-44A6-8717-1502D0AE41B6}.Release|Any CPU.ActiveCfg = Release|x86
		{E3394B94-D396-44A6-8717-1502D0AE41B6}.Release|Mixed Platforms.ActiveCfg = Release|x86
		{E3394B94-D396-44A6-8717-1502D0AE41B6}.Release|Mixed Platforms.Build.0 = Release|x86
		{E3394B94-D396-44A6-8717-1502D0AE41B6}.Release|x86.ActiveCfg = Release|x86
		{E3394B94-D396-44A6-8717-1502D0AE41B6}.Release|x86.Build.0 = Release|x86
		{458B55B6-5F8D-4E38-9979-524EFD5309BC}.Debug|Any CPU.ActiveCfg = Debug|Any CPU
		{458B55B6-5F8D-4E38-9979-524EFD5309BC}.Debug|Any CPU.Build.0 = Debug|Any CPU
		{458B55B6-5F8D-4E38-9979-524EFD5309BC}.Debug|Mixed Platforms.ActiveCfg = Debug|Any CPU
		{458B55B6-5F8D-4E38-9979-524EFD5309BC}.Debug|Mixed Platforms.Build.0 = Debug|Any CPU
		{458B55B6-5F8D-4E38-9979-524EFD5309BC}.Debug|x86.ActiveCfg = Debug|Any CPU
		{458B55B6-5F8D-4E38-9979-524EFD5309BC}.Release|Any CPU.ActiveCfg = Release|Any CPU
		{458B55B6-5F8D-4E38-9979-524EFD5309BC}.Release|Any CPU.Build.0 = Release|Any CPU
		{458B55B6-5F8D-4E38-9979-524EFD5309BC}.Release|Mixed Platforms.ActiveCfg = Release|Any CPU
		{458B55B6-5F8D-4E38-9979-524EFD5309BC}.Release|Mixed Platforms.Build.0 = Release|Any CPU
		{458B55B6-5F8D-4E38-9979-524EFD5309BC}.Release|x86.ActiveCfg = Release|Any CPU
		{7EB2E611-130D-432E-9F23-C75DFA645980}.Debug|Any CPU.ActiveCfg = Debug|x86
		{7EB2E611-130D-432E-9F23-C75DFA645980}.Debug|Mixed Platforms.ActiveCfg = Debug|x86
		{7EB2E611-130D-432E-9F23-C75DFA645980}.Debug|Mixed Platforms.Build.0 = Debug|x86
		{7EB2E611-130D-432E-9F23-C75DFA645980}.Debug|x86.ActiveCfg = Debug|x86
		{7EB2E611-130D-432E-9F23-C75DFA645980}.Debug|x86.Build.0 = Debug|x86
		{7EB2E611-130D-432E-9F23-C75DFA645980}.Release|Any CPU.ActiveCfg = Release|x86
		{7EB2E611-130D-432E-9F23-C75DFA645980}.Release|Mixed Platforms.ActiveCfg = Release|x86
		{7EB2E611-130D-432E-9F23-C75DFA645980}.Release|Mixed Platforms.Build.0 = Release|x86
		{7EB2E611-130D-432E-9F23-C75DFA645980}.Release|x86.ActiveCfg = Release|x86
		{7EB2E611-130D-432E-9F23-C75DFA645980}.Release|x86.Build.0 = Release|x86
		{8B89D502-7E1C-4A7E-A045-FE1011FE3F5E}.Debug|Any CPU.ActiveCfg = Debug|Any CPU
		{8B89D502-7E1C-4A7E-A045-FE1011FE3F5E}.Debug|Any CPU.Build.0 = Debug|Any CPU
		{8B89D502-7E1C-4A7E-A045-FE1011FE3F5E}.Debug|Mixed Platforms.ActiveCfg = Debug|Any CPU
		{8B89D502-7E1C-4A7E-A045-FE1011FE3F5E}.Debug|Mixed Platforms.Build.0 = Debug|Any CPU
		{8B89D502-7E1C-4A7E-A045-FE1011FE3F5E}.Debug|x86.ActiveCfg = Debug|Any CPU
		{8B89D502-7E1C-4A7E-A045-FE1011FE3F5E}.Release|Any CPU.ActiveCfg = Release|Any CPU
		{8B89D502-7E1C-4A7E-A045-FE1011FE3F5E}.Release|Any CPU.Build.0 = Release|Any CPU
		{8B89D502-7E1C-4A7E-A045-FE1011FE3F5E}.Release|Mixed Platforms.ActiveCfg = Release|Any CPU
		{8B89D502-7E1C-4A7E-A045-FE1011FE3F5E}.Release|Mixed Platforms.Build.0 = Release|Any CPU
		{8B89D502-7E1C-4A7E-A045-FE1011FE3F5E}.Release|x86.ActiveCfg = Release|Any CPU
		{03FE5059-4861-4DD0-AB5C-1608E8929956}.Debug|Any CPU.ActiveCfg = Debug|Any CPU
		{03FE5059-4861-4DD0-AB5C-1608E8929956}.Debug|Any CPU.Build.0 = Debug|Any CPU
		{03FE5059-4861-4DD0-AB5C-1608E8929956}.Debug|Mixed Platforms.ActiveCfg = Debug|Any CPU
		{03FE5059-4861-4DD0-AB5C-1608E8929956}.Debug|Mixed Platforms.Build.0 = Debug|Any CPU
		{03FE5059-4861-4DD0-AB5C-1608E8929956}.Debug|x86.ActiveCfg = Debug|Any CPU
		{03FE5059-4861-4DD0-AB5C-1608E8929956}.Release|Any CPU.ActiveCfg = Release|Any CPU
		{03FE5059-4861-4DD0-AB5C-1608E8929956}.Release|Any CPU.Build.0 = Release|Any CPU
		{03FE5059-4861-4DD0-AB5C-1608E8929956}.Release|Mixed Platforms.ActiveCfg = Release|Any CPU
		{03FE5059-4861-4DD0-AB5C-1608E8929956}.Release|Mixed Platforms.Build.0 = Release|Any CPU
		{03FE5059-4861-4DD0-AB5C-1608E8929956}.Release|x86.ActiveCfg = Release|Any CPU
		{4631E9EB-2DF5-4950-870E-0B9C1AE5C90D}.Debug|Any CPU.ActiveCfg = Debug|x86
		{4631E9EB-2DF5-4950-870E-0B9C1AE5C90D}.Debug|Mixed Platforms.ActiveCfg = Debug|x86
		{4631E9EB-2DF5-4950-870E-0B9C1AE5C90D}.Debug|Mixed Platforms.Build.0 = Debug|x86
		{4631E9EB-2DF5-4950-870E-0B9C1AE5C90D}.Debug|x86.ActiveCfg = Debug|x86
		{4631E9EB-2DF5-4950-870E-0B9C1AE5C90D}.Debug|x86.Build.0 = Debug|x86
		{4631E9EB-2DF5-4950-870E-0B9C1AE5C90D}.Release|Any CPU.ActiveCfg = Release|x86
		{4631E9EB-2DF5-4950-870E-0B9C1AE5C90D}.Release|Mixed Platforms.ActiveCfg = Release|x86
		{4631E9EB-2DF5-4950-870E-0B9C1AE5C90D}.Release|Mixed Platforms.Build.0 = Release|x86
		{4631E9EB-2DF5-4950-870E-0B9C1AE5C90D}.Release|x86.ActiveCfg = Release|x86
		{4631E9EB-2DF5-4950-870E-0B9C1AE5C90D}.Release|x86.Build.0 = Release|x86
		{2C188980-DB38-412B-823A-614768544972}.Debug|Any CPU.ActiveCfg = Debug|x86
		{2C188980-DB38-412B-823A-614768544972}.Debug|Mixed Platforms.ActiveCfg = Debug|x86
		{2C188980-DB38-412B-823A-614768544972}.Debug|Mixed Platforms.Build.0 = Debug|x86
		{2C188980-DB38-412B-823A-614768544972}.Debug|x86.ActiveCfg = Debug|x86
		{2C188980-DB38-412B-823A-614768544972}.Debug|x86.Build.0 = Debug|x86
		{2C188980-DB38-412B-823A-614768544972}.Release|Any CPU.ActiveCfg = Release|x86
		{2C188980-DB38-412B-823A-614768544972}.Release|Mixed Platforms.ActiveCfg = Release|x86
		{2C188980-DB38-412B-823A-614768544972}.Release|Mixed Platforms.Build.0 = Release|x86
		{2C188980-DB38-412B-823A-614768544972}.Release|x86.ActiveCfg = Release|x86
		{2C188980-DB38-412B-823A-614768544972}.Release|x86.Build.0 = Release|x86
		{01B92997-B683-4A6C-8E2B-181F13AA05A5}.Debug|Any CPU.ActiveCfg = Debug|x86
		{01B92997-B683-4A6C-8E2B-181F13AA05A5}.Debug|Mixed Platforms.ActiveCfg = Debug|x86
		{01B92997-B683-4A6C-8E2B-181F13AA05A5}.Debug|Mixed Platforms.Build.0 = Debug|x86
		{01B92997-B683-4A6C-8E2B-181F13AA05A5}.Debug|x86.ActiveCfg = Debug|x86
		{01B92997-B683-4A6C-8E2B-181F13AA05A5}.Debug|x86.Build.0 = Debug|x86
		{01B92997-B683-4A6C-8E2B-181F13AA05A5}.Release|Any CPU.ActiveCfg = Release|x86
		{01B92997-B683-4A6C-8E2B-181F13AA05A5}.Release|Mixed Platforms.ActiveCfg = Release|x86
		{01B92997-B683-4A6C-8E2B-181F13AA05A5}.Release|Mixed Platforms.Build.0 = Release|x86
		{01B92997-B683-4A6C-8E2B-181F13AA05A5}.Release|x86.ActiveCfg = Release|x86
		{01B92997-B683-4A6C-8E2B-181F13AA05A5}.Release|x86.Build.0 = Release|x86
		{D60FB4E6-007F-44C8-8124-4D95F25A5409}.Debug|Any CPU.ActiveCfg = Debug|Any CPU
		{D60FB4E6-007F-44C8-8124-4D95F25A5409}.Debug|Any CPU.Build.0 = Debug|Any CPU
		{D60FB4E6-007F-44C8-8124-4D95F25A5409}.Debug|Mixed Platforms.ActiveCfg = Debug|Any CPU
		{D60FB4E6-007F-44C8-8124-4D95F25A5409}.Debug|Mixed Platforms.Build.0 = Debug|Any CPU
		{D60FB4E6-007F-44C8-8124-4D95F25A5409}.Debug|x86.ActiveCfg = Debug|Any CPU
		{D60FB4E6-007F-44C8-8124-4D95F25A5409}.Release|Any CPU.ActiveCfg = Release|Any CPU
		{D60FB4E6-007F-44C8-8124-4D95F25A5409}.Release|Any CPU.Build.0 = Release|Any CPU
		{D60FB4E6-007F-44C8-8124-4D95F25A5409}.Release|Mixed Platforms.ActiveCfg = Release|Any CPU
		{D60FB4E6-007F-44C8-8124-4D95F25A5409}.Release|Mixed Platforms.Build.0 = Release|Any CPU
		{D60FB4E6-007F-44C8-8124-4D95F25A5409}.Release|x86.ActiveCfg = Release|Any CPU
		{7C6E340F-C806-4BC5-AE80-C904186CF6D9}.Debug|Any CPU.ActiveCfg = Debug|x86
		{7C6E340F-C806-4BC5-AE80-C904186CF6D9}.Debug|Mixed Platforms.ActiveCfg = Debug|x86
		{7C6E340F-C806-4BC5-AE80-C904186CF6D9}.Debug|Mixed Platforms.Build.0 = Debug|x86
		{7C6E340F-C806-4BC5-AE80-C904186CF6D9}.Debug|x86.ActiveCfg = Debug|x86
		{7C6E340F-C806-4BC5-AE80-C904186CF6D9}.Debug|x86.Build.0 = Debug|x86
		{7C6E340F-C806-4BC5-AE80-C904186CF6D9}.Release|Any CPU.ActiveCfg = Release|x86
		{7C6E340F-C806-4BC5-AE80-C904186CF6D9}.Release|Mixed Platforms.ActiveCfg = Release|x86
		{7C6E340F-C806-4BC5-AE80-C904186CF6D9}.Release|Mixed Platforms.Build.0 = Release|x86
		{7C6E340F-C806-4BC5-AE80-C904186CF6D9}.Release|x86.ActiveCfg = Release|x86
		{7C6E340F-C806-4BC5-AE80-C904186CF6D9}.Release|x86.Build.0 = Release|x86
		{71C77641-0791-4492-82CE-A0D82D4EA1E7}.Debug|Any CPU.ActiveCfg = Debug|x86
		{71C77641-0791-4492-82CE-A0D82D4EA1E7}.Debug|Mixed Platforms.ActiveCfg = Debug|x86
		{71C77641-0791-4492-82CE-A0D82D4EA1E7}.Debug|Mixed Platforms.Build.0 = Debug|x86
		{71C77641-0791-4492-82CE-A0D82D4EA1E7}.Debug|x86.ActiveCfg = Debug|x86
		{71C77641-0791-4492-82CE-A0D82D4EA1E7}.Debug|x86.Build.0 = Debug|x86
		{71C77641-0791-4492-82CE-A0D82D4EA1E7}.Release|Any CPU.ActiveCfg = Release|x86
		{71C77641-0791-4492-82CE-A0D82D4EA1E7}.Release|Mixed Platforms.ActiveCfg = Release|x86
		{71C77641-0791-4492-82CE-A0D82D4EA1E7}.Release|Mixed Platforms.Build.0 = Release|x86
		{71C77641-0791-4492-82CE-A0D82D4EA1E7}.Release|x86.ActiveCfg = Release|x86
		{71C77641-0791-4492-82CE-A0D82D4EA1E7}.Release|x86.Build.0 = Release|x86
		{78B38E30-0657-464D-A9D5-226665A799F0}.Debug|Any CPU.ActiveCfg = Debug|x86
		{78B38E30-0657-464D-A9D5-226665A799F0}.Debug|Mixed Platforms.ActiveCfg = Debug|x86
		{78B38E30-0657-464D-A9D5-226665A799F0}.Debug|Mixed Platforms.Build.0 = Debug|x86
		{78B38E30-0657-464D-A9D5-226665A799F0}.Debug|x86.ActiveCfg = Debug|x86
		{78B38E30-0657-464D-A9D5-226665A799F0}.Debug|x86.Build.0 = Debug|x86
		{78B38E30-0657-464D-A9D5-226665A799F0}.Release|Any CPU.ActiveCfg = Release|x86
		{78B38E30-0657-464D-A9D5-226665A799F0}.Release|Mixed Platforms.ActiveCfg = Release|x86
		{78B38E30-0657-464D-A9D5-226665A799F0}.Release|Mixed Platforms.Build.0 = Release|x86
		{78B38E30-0657-464D-A9D5-226665A799F0}.Release|x86.ActiveCfg = Release|x86
		{78B38E30-0657-464D-A9D5-226665A799F0}.Release|x86.Build.0 = Release|x86
		{B09315D3-1844-492D-A66E-817C862554F8}.Debug|Any CPU.ActiveCfg = Debug|x86
		{B09315D3-1844-492D-A66E-817C862554F8}.Debug|Mixed Platforms.ActiveCfg = Debug|x86
		{B09315D3-1844-492D-A66E-817C862554F8}.Debug|Mixed Platforms.Build.0 = Debug|x86
		{B09315D3-1844-492D-A66E-817C862554F8}.Debug|x86.ActiveCfg = Debug|x86
		{B09315D3-1844-492D-A66E-817C862554F8}.Debug|x86.Build.0 = Debug|x86
		{B09315D3-1844-492D-A66E-817C862554F8}.Release|Any CPU.ActiveCfg = Release|x86
		{B09315D3-1844-492D-A66E-817C862554F8}.Release|Mixed Platforms.ActiveCfg = Release|x86
		{B09315D3-1844-492D-A66E-817C862554F8}.Release|Mixed Platforms.Build.0 = Release|x86
		{B09315D3-1844-492D-A66E-817C862554F8}.Release|x86.ActiveCfg = Release|x86
		{B09315D3-1844-492D-A66E-817C862554F8}.Release|x86.Build.0 = Release|x86
		{A39D5C80-1C9C-43F4-AD52-5A19C0E49B8E}.Debug|Any CPU.ActiveCfg = Debug|x86
		{A39D5C80-1C9C-43F4-AD52-5A19C0E49B8E}.Debug|Mixed Platforms.ActiveCfg = Debug|x86
		{A39D5C80-1C9C-43F4-AD52-5A19C0E49B8E}.Debug|Mixed Platforms.Build.0 = Debug|x86
		{A39D5C80-1C9C-43F4-AD52-5A19C0E49B8E}.Debug|x86.ActiveCfg = Debug|x86
		{A39D5C80-1C9C-43F4-AD52-5A19C0E49B8E}.Debug|x86.Build.0 = Debug|x86
		{A39D5C80-1C9C-43F4-AD52-5A19C0E49B8E}.Release|Any CPU.ActiveCfg = Release|x86
		{A39D5C80-1C9C-43F4-AD52-5A19C0E49B8E}.Release|Mixed Platforms.ActiveCfg = Release|x86
		{A39D5C80-1C9C-43F4-AD52-5A19C0E49B8E}.Release|Mixed Platforms.Build.0 = Release|x86
		{A39D5C80-1C9C-43F4-AD52-5A19C0E49B8E}.Release|x86.ActiveCfg = Release|x86
		{A39D5C80-1C9C-43F4-AD52-5A19C0E49B8E}.Release|x86.Build.0 = Release|x86
		{049D230A-26DA-40BE-916B-1118677E297E}.Debug|Any CPU.ActiveCfg = Debug|x86
		{049D230A-26DA-40BE-916B-1118677E297E}.Debug|Mixed Platforms.ActiveCfg = Debug|x86
		{049D230A-26DA-40BE-916B-1118677E297E}.Debug|Mixed Platforms.Build.0 = Debug|x86
		{049D230A-26DA-40BE-916B-1118677E297E}.Debug|x86.ActiveCfg = Debug|x86
		{049D230A-26DA-40BE-916B-1118677E297E}.Debug|x86.Build.0 = Debug|x86
		{049D230A-26DA-40BE-916B-1118677E297E}.Release|Any CPU.ActiveCfg = Release|x86
		{049D230A-26DA-40BE-916B-1118677E297E}.Release|Mixed Platforms.ActiveCfg = Release|x86
		{049D230A-26DA-40BE-916B-1118677E297E}.Release|Mixed Platforms.Build.0 = Release|x86
		{049D230A-26DA-40BE-916B-1118677E297E}.Release|x86.ActiveCfg = Release|x86
		{049D230A-26DA-40BE-916B-1118677E297E}.Release|x86.Build.0 = Release|x86
		{330B599D-9AD7-4B70-8AF1-97B19E48A8F5}.Debug|Any CPU.ActiveCfg = Debug|x86
		{330B599D-9AD7-4B70-8AF1-97B19E48A8F5}.Debug|Mixed Platforms.ActiveCfg = Debug|x86
		{330B599D-9AD7-4B70-8AF1-97B19E48A8F5}.Debug|Mixed Platforms.Build.0 = Debug|x86
		{330B599D-9AD7-4B70-8AF1-97B19E48A8F5}.Debug|x86.ActiveCfg = Debug|x86
		{330B599D-9AD7-4B70-8AF1-97B19E48A8F5}.Debug|x86.Build.0 = Debug|x86
		{330B599D-9AD7-4B70-8AF1-97B19E48A8F5}.Release|Any CPU.ActiveCfg = Release|x86
		{330B599D-9AD7-4B70-8AF1-97B19E48A8F5}.Release|Mixed Platforms.ActiveCfg = Release|x86
		{330B599D-9AD7-4B70-8AF1-97B19E48A8F5}.Release|Mixed Platforms.Build.0 = Release|x86
		{330B599D-9AD7-4B70-8AF1-97B19E48A8F5}.Release|x86.ActiveCfg = Release|x86
		{330B599D-9AD7-4B70-8AF1-97B19E48A8F5}.Release|x86.Build.0 = Release|x86
		{7E652911-D3F3-4789-9501-F62A9901D01D}.Debug|Any CPU.ActiveCfg = Debug|x86
		{7E652911-D3F3-4789-9501-F62A9901D01D}.Debug|Mixed Platforms.ActiveCfg = Debug|x86
		{7E652911-D3F3-4789-9501-F62A9901D01D}.Debug|Mixed Platforms.Build.0 = Debug|x86
		{7E652911-D3F3-4789-9501-F62A9901D01D}.Debug|x86.ActiveCfg = Debug|x86
		{7E652911-D3F3-4789-9501-F62A9901D01D}.Debug|x86.Build.0 = Debug|x86
		{7E652911-D3F3-4789-9501-F62A9901D01D}.Release|Any CPU.ActiveCfg = Release|x86
		{7E652911-D3F3-4789-9501-F62A9901D01D}.Release|Mixed Platforms.ActiveCfg = Release|x86
		{7E652911-D3F3-4789-9501-F62A9901D01D}.Release|Mixed Platforms.Build.0 = Release|x86
		{7E652911-D3F3-4789-9501-F62A9901D01D}.Release|x86.ActiveCfg = Release|x86
		{7E652911-D3F3-4789-9501-F62A9901D01D}.Release|x86.Build.0 = Release|x86
		{FCC5BFCC-1F93-4AF9-BE94-788090417B1B}.Debug|Any CPU.ActiveCfg = Debug|x86
		{FCC5BFCC-1F93-4AF9-BE94-788090417B1B}.Debug|Mixed Platforms.ActiveCfg = Debug|x86
		{FCC5BFCC-1F93-4AF9-BE94-788090417B1B}.Debug|Mixed Platforms.Build.0 = Debug|x86
		{FCC5BFCC-1F93-4AF9-BE94-788090417B1B}.Debug|x86.ActiveCfg = Debug|x86
		{FCC5BFCC-1F93-4AF9-BE94-788090417B1B}.Debug|x86.Build.0 = Debug|x86
		{FCC5BFCC-1F93-4AF9-BE94-788090417B1B}.Release|Any CPU.ActiveCfg = Release|x86
		{FCC5BFCC-1F93-4AF9-BE94-788090417B1B}.Release|Mixed Platforms.ActiveCfg = Release|x86
		{FCC5BFCC-1F93-4AF9-BE94-788090417B1B}.Release|Mixed Platforms.Build.0 = Release|x86
		{FCC5BFCC-1F93-4AF9-BE94-788090417B1B}.Release|x86.ActiveCfg = Release|x86
		{FCC5BFCC-1F93-4AF9-BE94-788090417B1B}.Release|x86.Build.0 = Release|x86
		{E60B90B0-894C-4D43-BD90-8A8B09195FD7}.Debug|Any CPU.ActiveCfg = Debug|x86
		{E60B90B0-894C-4D43-BD90-8A8B09195FD7}.Debug|Mixed Platforms.ActiveCfg = Debug|x86
		{E60B90B0-894C-4D43-BD90-8A8B09195FD7}.Debug|Mixed Platforms.Build.0 = Debug|x86
		{E60B90B0-894C-4D43-BD90-8A8B09195FD7}.Debug|x86.ActiveCfg = Debug|x86
		{E60B90B0-894C-4D43-BD90-8A8B09195FD7}.Debug|x86.Build.0 = Debug|x86
		{E60B90B0-894C-4D43-BD90-8A8B09195FD7}.Release|Any CPU.ActiveCfg = Release|x86
		{E60B90B0-894C-4D43-BD90-8A8B09195FD7}.Release|Mixed Platforms.ActiveCfg = Release|x86
		{E60B90B0-894C-4D43-BD90-8A8B09195FD7}.Release|Mixed Platforms.Build.0 = Release|x86
		{E60B90B0-894C-4D43-BD90-8A8B09195FD7}.Release|x86.ActiveCfg = Release|x86
		{E60B90B0-894C-4D43-BD90-8A8B09195FD7}.Release|x86.Build.0 = Release|x86
		{D3D700D6-0125-442E-B5E8-4505D069EC3B}.Debug|Any CPU.ActiveCfg = Debug|x86
		{D3D700D6-0125-442E-B5E8-4505D069EC3B}.Debug|Mixed Platforms.ActiveCfg = Debug|x86
		{D3D700D6-0125-442E-B5E8-4505D069EC3B}.Debug|Mixed Platforms.Build.0 = Debug|x86
		{D3D700D6-0125-442E-B5E8-4505D069EC3B}.Debug|x86.ActiveCfg = Debug|x86
		{D3D700D6-0125-442E-B5E8-4505D069EC3B}.Debug|x86.Build.0 = Debug|x86
		{D3D700D6-0125-442E-B5E8-4505D069EC3B}.Release|Any CPU.ActiveCfg = Release|x86
		{D3D700D6-0125-442E-B5E8-4505D069EC3B}.Release|Mixed Platforms.ActiveCfg = Release|x86
		{D3D700D6-0125-442E-B5E8-4505D069EC3B}.Release|Mixed Platforms.Build.0 = Release|x86
		{D3D700D6-0125-442E-B5E8-4505D069EC3B}.Release|x86.ActiveCfg = Release|x86
		{D3D700D6-0125-442E-B5E8-4505D069EC3B}.Release|x86.Build.0 = Release|x86
		{57DBDCE1-13F2-4C7D-9040-836DC82911E2}.Debug|Any CPU.ActiveCfg = Debug|Any CPU
		{57DBDCE1-13F2-4C7D-9040-836DC82911E2}.Debug|Any CPU.Build.0 = Debug|Any CPU
		{57DBDCE1-13F2-4C7D-9040-836DC82911E2}.Debug|Mixed Platforms.ActiveCfg = Debug|Any CPU
		{57DBDCE1-13F2-4C7D-9040-836DC82911E2}.Debug|Mixed Platforms.Build.0 = Debug|Any CPU
		{57DBDCE1-13F2-4C7D-9040-836DC82911E2}.Debug|x86.ActiveCfg = Debug|Any CPU
		{57DBDCE1-13F2-4C7D-9040-836DC82911E2}.Release|Any CPU.ActiveCfg = Release|Any CPU
		{57DBDCE1-13F2-4C7D-9040-836DC82911E2}.Release|Any CPU.Build.0 = Release|Any CPU
		{57DBDCE1-13F2-4C7D-9040-836DC82911E2}.Release|Mixed Platforms.ActiveCfg = Release|Any CPU
		{57DBDCE1-13F2-4C7D-9040-836DC82911E2}.Release|Mixed Platforms.Build.0 = Release|Any CPU
		{57DBDCE1-13F2-4C7D-9040-836DC82911E2}.Release|x86.ActiveCfg = Release|Any CPU
		{7C86BF7F-6182-4DA2-9A9E-9DD1BB22F78F}.Debug|Any CPU.ActiveCfg = Debug|Any CPU
		{7C86BF7F-6182-4DA2-9A9E-9DD1BB22F78F}.Debug|Any CPU.Build.0 = Debug|Any CPU
		{7C86BF7F-6182-4DA2-9A9E-9DD1BB22F78F}.Debug|Mixed Platforms.ActiveCfg = Debug|Any CPU
		{7C86BF7F-6182-4DA2-9A9E-9DD1BB22F78F}.Debug|Mixed Platforms.Build.0 = Debug|Any CPU
		{7C86BF7F-6182-4DA2-9A9E-9DD1BB22F78F}.Debug|x86.ActiveCfg = Debug|Any CPU
		{7C86BF7F-6182-4DA2-9A9E-9DD1BB22F78F}.Release|Any CPU.ActiveCfg = Release|Any CPU
		{7C86BF7F-6182-4DA2-9A9E-9DD1BB22F78F}.Release|Any CPU.Build.0 = Release|Any CPU
		{7C86BF7F-6182-4DA2-9A9E-9DD1BB22F78F}.Release|Mixed Platforms.ActiveCfg = Release|Any CPU
		{7C86BF7F-6182-4DA2-9A9E-9DD1BB22F78F}.Release|Mixed Platforms.Build.0 = Release|Any CPU
		{7C86BF7F-6182-4DA2-9A9E-9DD1BB22F78F}.Release|x86.ActiveCfg = Release|Any CPU
		{A56E3071-2705-436A-B6AF-3F9AB65A2B08}.Debug|Any CPU.ActiveCfg = Debug|Any CPU
		{A56E3071-2705-436A-B6AF-3F9AB65A2B08}.Debug|Any CPU.Build.0 = Debug|Any CPU
		{A56E3071-2705-436A-B6AF-3F9AB65A2B08}.Debug|Mixed Platforms.ActiveCfg = Debug|Any CPU
		{A56E3071-2705-436A-B6AF-3F9AB65A2B08}.Debug|Mixed Platforms.Build.0 = Debug|Any CPU
		{A56E3071-2705-436A-B6AF-3F9AB65A2B08}.Debug|x86.ActiveCfg = Debug|Any CPU
		{A56E3071-2705-436A-B6AF-3F9AB65A2B08}.Release|Any CPU.ActiveCfg = Release|Any CPU
		{A56E3071-2705-436A-B6AF-3F9AB65A2B08}.Release|Any CPU.Build.0 = Release|Any CPU
		{A56E3071-2705-436A-B6AF-3F9AB65A2B08}.Release|Mixed Platforms.ActiveCfg = Release|Any CPU
		{A56E3071-2705-436A-B6AF-3F9AB65A2B08}.Release|Mixed Platforms.Build.0 = Release|Any CPU
		{A56E3071-2705-436A-B6AF-3F9AB65A2B08}.Release|x86.ActiveCfg = Release|Any CPU
		{7C8EECE1-B535-45B7-AB41-A2933ADBDCED}.Debug|Any CPU.ActiveCfg = Debug|Any CPU
		{7C8EECE1-B535-45B7-AB41-A2933ADBDCED}.Debug|Any CPU.Build.0 = Debug|Any CPU
		{7C8EECE1-B535-45B7-AB41-A2933ADBDCED}.Debug|Mixed Platforms.ActiveCfg = Debug|Any CPU
		{7C8EECE1-B535-45B7-AB41-A2933ADBDCED}.Debug|Mixed Platforms.Build.0 = Debug|Any CPU
		{7C8EECE1-B535-45B7-AB41-A2933ADBDCED}.Debug|x86.ActiveCfg = Debug|Any CPU
		{7C8EECE1-B535-45B7-AB41-A2933ADBDCED}.Release|Any CPU.ActiveCfg = Release|Any CPU
		{7C8EECE1-B535-45B7-AB41-A2933ADBDCED}.Release|Any CPU.Build.0 = Release|Any CPU
		{7C8EECE1-B535-45B7-AB41-A2933ADBDCED}.Release|Mixed Platforms.ActiveCfg = Release|Any CPU
		{7C8EECE1-B535-45B7-AB41-A2933ADBDCED}.Release|Mixed Platforms.Build.0 = Release|Any CPU
		{7C8EECE1-B535-45B7-AB41-A2933ADBDCED}.Release|x86.ActiveCfg = Release|Any CPU
		{34FDD5B2-D224-42F0-8A80-B9C4A708977E}.Debug|Any CPU.ActiveCfg = Debug|x86
		{34FDD5B2-D224-42F0-8A80-B9C4A708977E}.Debug|Mixed Platforms.ActiveCfg = Debug|x86
		{34FDD5B2-D224-42F0-8A80-B9C4A708977E}.Debug|Mixed Platforms.Build.0 = Debug|x86
		{34FDD5B2-D224-42F0-8A80-B9C4A708977E}.Debug|x86.ActiveCfg = Debug|x86
		{34FDD5B2-D224-42F0-8A80-B9C4A708977E}.Debug|x86.Build.0 = Debug|x86
		{34FDD5B2-D224-42F0-8A80-B9C4A708977E}.Release|Any CPU.ActiveCfg = Release|x86
		{34FDD5B2-D224-42F0-8A80-B9C4A708977E}.Release|Mixed Platforms.ActiveCfg = Release|x86
		{34FDD5B2-D224-42F0-8A80-B9C4A708977E}.Release|Mixed Platforms.Build.0 = Release|x86
		{34FDD5B2-D224-42F0-8A80-B9C4A708977E}.Release|x86.ActiveCfg = Release|x86
		{34FDD5B2-D224-42F0-8A80-B9C4A708977E}.Release|x86.Build.0 = Release|x86
		{E15D87CE-A3FD-4213-9A73-EBA572EF101F}.Debug|Any CPU.ActiveCfg = Debug|Any CPU
		{E15D87CE-A3FD-4213-9A73-EBA572EF101F}.Debug|Any CPU.Build.0 = Debug|Any CPU
		{E15D87CE-A3FD-4213-9A73-EBA572EF101F}.Debug|Mixed Platforms.ActiveCfg = Debug|Any CPU
		{E15D87CE-A3FD-4213-9A73-EBA572EF101F}.Debug|Mixed Platforms.Build.0 = Debug|Any CPU
		{E15D87CE-A3FD-4213-9A73-EBA572EF101F}.Debug|x86.ActiveCfg = Debug|Any CPU
		{E15D87CE-A3FD-4213-9A73-EBA572EF101F}.Release|Any CPU.ActiveCfg = Release|Any CPU
		{E15D87CE-A3FD-4213-9A73-EBA572EF101F}.Release|Any CPU.Build.0 = Release|Any CPU
		{E15D87CE-A3FD-4213-9A73-EBA572EF101F}.Release|Mixed Platforms.ActiveCfg = Release|Any CPU
		{E15D87CE-A3FD-4213-9A73-EBA572EF101F}.Release|Mixed Platforms.Build.0 = Release|Any CPU
		{E15D87CE-A3FD-4213-9A73-EBA572EF101F}.Release|x86.ActiveCfg = Release|Any CPU
		{6DD4DA3A-5EEE-4675-9C4E-2A0284357B3F}.Debug|Any CPU.ActiveCfg = Debug|Any CPU
		{6DD4DA3A-5EEE-4675-9C4E-2A0284357B3F}.Debug|Any CPU.Build.0 = Debug|Any CPU
		{6DD4DA3A-5EEE-4675-9C4E-2A0284357B3F}.Debug|Mixed Platforms.ActiveCfg = Debug|Any CPU
		{6DD4DA3A-5EEE-4675-9C4E-2A0284357B3F}.Debug|Mixed Platforms.Build.0 = Debug|Any CPU
		{6DD4DA3A-5EEE-4675-9C4E-2A0284357B3F}.Debug|x86.ActiveCfg = Debug|Any CPU
		{6DD4DA3A-5EEE-4675-9C4E-2A0284357B3F}.Release|Any CPU.ActiveCfg = Release|Any CPU
		{6DD4DA3A-5EEE-4675-9C4E-2A0284357B3F}.Release|Any CPU.Build.0 = Release|Any CPU
		{6DD4DA3A-5EEE-4675-9C4E-2A0284357B3F}.Release|Mixed Platforms.ActiveCfg = Release|Any CPU
		{6DD4DA3A-5EEE-4675-9C4E-2A0284357B3F}.Release|Mixed Platforms.Build.0 = Release|Any CPU
		{6DD4DA3A-5EEE-4675-9C4E-2A0284357B3F}.Release|x86.ActiveCfg = Release|Any CPU
		{C018F368-3B3C-4900-B472-4A97A6D39304}.Debug|Any CPU.ActiveCfg = Debug|Any CPU
		{C018F368-3B3C-4900-B472-4A97A6D39304}.Debug|Any CPU.Build.0 = Debug|Any CPU
		{C018F368-3B3C-4900-B472-4A97A6D39304}.Debug|Mixed Platforms.ActiveCfg = Debug|Any CPU
		{C018F368-3B3C-4900-B472-4A97A6D39304}.Debug|Mixed Platforms.Build.0 = Debug|Any CPU
		{C018F368-3B3C-4900-B472-4A97A6D39304}.Debug|x86.ActiveCfg = Debug|Any CPU
		{C018F368-3B3C-4900-B472-4A97A6D39304}.Release|Any CPU.ActiveCfg = Release|Any CPU
		{C018F368-3B3C-4900-B472-4A97A6D39304}.Release|Any CPU.Build.0 = Release|Any CPU
		{C018F368-3B3C-4900-B472-4A97A6D39304}.Release|Mixed Platforms.ActiveCfg = Release|Any CPU
		{C018F368-3B3C-4900-B472-4A97A6D39304}.Release|Mixed Platforms.Build.0 = Release|Any CPU
		{C018F368-3B3C-4900-B472-4A97A6D39304}.Release|x86.ActiveCfg = Release|Any CPU
		{5DCB57ED-2EB3-42E8-AB5A-D29C0329D251}.Debug|Any CPU.ActiveCfg = Debug|Any CPU
		{5DCB57ED-2EB3-42E8-AB5A-D29C0329D251}.Debug|Any CPU.Build.0 = Debug|Any CPU
		{5DCB57ED-2EB3-42E8-AB5A-D29C0329D251}.Debug|Mixed Platforms.ActiveCfg = Debug|Any CPU
		{5DCB57ED-2EB3-42E8-AB5A-D29C0329D251}.Debug|Mixed Platforms.Build.0 = Debug|Any CPU
		{5DCB57ED-2EB3-42E8-AB5A-D29C0329D251}.Debug|x86.ActiveCfg = Debug|Any CPU
		{5DCB57ED-2EB3-42E8-AB5A-D29C0329D251}.Release|Any CPU.ActiveCfg = Release|Any CPU
		{5DCB57ED-2EB3-42E8-AB5A-D29C0329D251}.Release|Any CPU.Build.0 = Release|Any CPU
		{5DCB57ED-2EB3-42E8-AB5A-D29C0329D251}.Release|Mixed Platforms.ActiveCfg = Release|Any CPU
		{5DCB57ED-2EB3-42E8-AB5A-D29C0329D251}.Release|Mixed Platforms.Build.0 = Release|Any CPU
		{5DCB57ED-2EB3-42E8-AB5A-D29C0329D251}.Release|x86.ActiveCfg = Release|Any CPU
		{3CE5D2DF-8BD1-4E16-9285-6C4AB690F00C}.Debug|Any CPU.ActiveCfg = Debug|Any CPU
		{3CE5D2DF-8BD1-4E16-9285-6C4AB690F00C}.Debug|Any CPU.Build.0 = Debug|Any CPU
		{3CE5D2DF-8BD1-4E16-9285-6C4AB690F00C}.Debug|Mixed Platforms.ActiveCfg = Debug|Any CPU
		{3CE5D2DF-8BD1-4E16-9285-6C4AB690F00C}.Debug|Mixed Platforms.Build.0 = Debug|Any CPU
		{3CE5D2DF-8BD1-4E16-9285-6C4AB690F00C}.Debug|x86.ActiveCfg = Debug|Any CPU
		{3CE5D2DF-8BD1-4E16-9285-6C4AB690F00C}.Release|Any CPU.ActiveCfg = Release|Any CPU
		{3CE5D2DF-8BD1-4E16-9285-6C4AB690F00C}.Release|Any CPU.Build.0 = Release|Any CPU
		{3CE5D2DF-8BD1-4E16-9285-6C4AB690F00C}.Release|Mixed Platforms.ActiveCfg = Release|Any CPU
		{3CE5D2DF-8BD1-4E16-9285-6C4AB690F00C}.Release|Mixed Platforms.Build.0 = Release|Any CPU
		{3CE5D2DF-8BD1-4E16-9285-6C4AB690F00C}.Release|x86.ActiveCfg = Release|Any CPU
		{25AD83E2-805C-4093-8265-D9DE41B546D0}.Debug|Any CPU.ActiveCfg = Debug|Any CPU
		{25AD83E2-805C-4093-8265-D9DE41B546D0}.Debug|Any CPU.Build.0 = Debug|Any CPU
		{25AD83E2-805C-4093-8265-D9DE41B546D0}.Debug|Mixed Platforms.ActiveCfg = Debug|Any CPU
		{25AD83E2-805C-4093-8265-D9DE41B546D0}.Debug|Mixed Platforms.Build.0 = Debug|Any CPU
		{25AD83E2-805C-4093-8265-D9DE41B546D0}.Debug|x86.ActiveCfg = Debug|Any CPU
		{25AD83E2-805C-4093-8265-D9DE41B546D0}.Release|Any CPU.ActiveCfg = Release|Any CPU
		{25AD83E2-805C-4093-8265-D9DE41B546D0}.Release|Any CPU.Build.0 = Release|Any CPU
		{25AD83E2-805C-4093-8265-D9DE41B546D0}.Release|Mixed Platforms.ActiveCfg = Release|Any CPU
		{25AD83E2-805C-4093-8265-D9DE41B546D0}.Release|Mixed Platforms.Build.0 = Release|Any CPU
		{25AD83E2-805C-4093-8265-D9DE41B546D0}.Release|x86.ActiveCfg = Release|Any CPU
		{034C2594-527D-4A60-B2FB-06498C28FBA3}.Debug|Any CPU.ActiveCfg = Debug|Any CPU
		{034C2594-527D-4A60-B2FB-06498C28FBA3}.Debug|Any CPU.Build.0 = Debug|Any CPU
		{034C2594-527D-4A60-B2FB-06498C28FBA3}.Debug|Mixed Platforms.ActiveCfg = Debug|Any CPU
		{034C2594-527D-4A60-B2FB-06498C28FBA3}.Debug|Mixed Platforms.Build.0 = Debug|Any CPU
		{034C2594-527D-4A60-B2FB-06498C28FBA3}.Debug|x86.ActiveCfg = Debug|Any CPU
		{034C2594-527D-4A60-B2FB-06498C28FBA3}.Release|Any CPU.ActiveCfg = Release|Any CPU
		{034C2594-527D-4A60-B2FB-06498C28FBA3}.Release|Any CPU.Build.0 = Release|Any CPU
		{034C2594-527D-4A60-B2FB-06498C28FBA3}.Release|Mixed Platforms.ActiveCfg = Release|Any CPU
		{034C2594-527D-4A60-B2FB-06498C28FBA3}.Release|Mixed Platforms.Build.0 = Release|Any CPU
		{034C2594-527D-4A60-B2FB-06498C28FBA3}.Release|x86.ActiveCfg = Release|Any CPU
		{0633B1F0-88C5-418C-9ACF-0C27D4D1D596}.Debug|Any CPU.ActiveCfg = Debug|Any CPU
		{0633B1F0-88C5-418C-9ACF-0C27D4D1D596}.Debug|Any CPU.Build.0 = Debug|Any CPU
		{0633B1F0-88C5-418C-9ACF-0C27D4D1D596}.Debug|Mixed Platforms.ActiveCfg = Debug|Any CPU
		{0633B1F0-88C5-418C-9ACF-0C27D4D1D596}.Debug|Mixed Platforms.Build.0 = Debug|Any CPU
		{0633B1F0-88C5-418C-9ACF-0C27D4D1D596}.Debug|x86.ActiveCfg = Debug|Any CPU
		{0633B1F0-88C5-418C-9ACF-0C27D4D1D596}.Release|Any CPU.ActiveCfg = Release|Any CPU
		{0633B1F0-88C5-418C-9ACF-0C27D4D1D596}.Release|Any CPU.Build.0 = Release|Any CPU
		{0633B1F0-88C5-418C-9ACF-0C27D4D1D596}.Release|Mixed Platforms.ActiveCfg = Release|Any CPU
		{0633B1F0-88C5-418C-9ACF-0C27D4D1D596}.Release|Mixed Platforms.Build.0 = Release|Any CPU
		{0633B1F0-88C5-418C-9ACF-0C27D4D1D596}.Release|x86.ActiveCfg = Release|Any CPU
		{0BE75380-D40D-4A5D-916A-97862A997428}.Debug|Any CPU.ActiveCfg = Debug|Any CPU
		{0BE75380-D40D-4A5D-916A-97862A997428}.Debug|Any CPU.Build.0 = Debug|Any CPU
		{0BE75380-D40D-4A5D-916A-97862A997428}.Debug|Mixed Platforms.ActiveCfg = Debug|Any CPU
		{0BE75380-D40D-4A5D-916A-97862A997428}.Debug|Mixed Platforms.Build.0 = Debug|Any CPU
		{0BE75380-D40D-4A5D-916A-97862A997428}.Debug|x86.ActiveCfg = Debug|Any CPU
		{0BE75380-D40D-4A5D-916A-97862A997428}.Release|Any CPU.ActiveCfg = Release|Any CPU
		{0BE75380-D40D-4A5D-916A-97862A997428}.Release|Any CPU.Build.0 = Release|Any CPU
		{0BE75380-D40D-4A5D-916A-97862A997428}.Release|Mixed Platforms.ActiveCfg = Release|Any CPU
		{0BE75380-D40D-4A5D-916A-97862A997428}.Release|Mixed Platforms.Build.0 = Release|Any CPU
		{0BE75380-D40D-4A5D-916A-97862A997428}.Release|x86.ActiveCfg = Release|Any CPU
		{820854B3-5A1E-4C15-B70D-6AAC9887538E}.Debug|Any CPU.ActiveCfg = Debug|Any CPU
		{820854B3-5A1E-4C15-B70D-6AAC9887538E}.Debug|Any CPU.Build.0 = Debug|Any CPU
		{820854B3-5A1E-4C15-B70D-6AAC9887538E}.Debug|Mixed Platforms.ActiveCfg = Debug|Any CPU
		{820854B3-5A1E-4C15-B70D-6AAC9887538E}.Debug|Mixed Platforms.Build.0 = Debug|Any CPU
		{820854B3-5A1E-4C15-B70D-6AAC9887538E}.Debug|x86.ActiveCfg = Debug|Any CPU
		{820854B3-5A1E-4C15-B70D-6AAC9887538E}.Release|Any CPU.ActiveCfg = Release|Any CPU
		{820854B3-5A1E-4C15-B70D-6AAC9887538E}.Release|Any CPU.Build.0 = Release|Any CPU
		{820854B3-5A1E-4C15-B70D-6AAC9887538E}.Release|Mixed Platforms.ActiveCfg = Release|Any CPU
		{820854B3-5A1E-4C15-B70D-6AAC9887538E}.Release|Mixed Platforms.Build.0 = Release|Any CPU
		{820854B3-5A1E-4C15-B70D-6AAC9887538E}.Release|x86.ActiveCfg = Release|Any CPU
		{08D1B83A-6A48-4A6B-B310-8DE511F2A0D4}.Debug|Any CPU.ActiveCfg = Debug|x86
		{08D1B83A-6A48-4A6B-B310-8DE511F2A0D4}.Debug|Mixed Platforms.ActiveCfg = Debug|x86
		{08D1B83A-6A48-4A6B-B310-8DE511F2A0D4}.Debug|Mixed Platforms.Build.0 = Debug|x86
		{08D1B83A-6A48-4A6B-B310-8DE511F2A0D4}.Debug|x86.ActiveCfg = Debug|x86
		{08D1B83A-6A48-4A6B-B310-8DE511F2A0D4}.Debug|x86.Build.0 = Debug|x86
		{08D1B83A-6A48-4A6B-B310-8DE511F2A0D4}.Release|Any CPU.ActiveCfg = Release|x86
		{08D1B83A-6A48-4A6B-B310-8DE511F2A0D4}.Release|Mixed Platforms.ActiveCfg = Release|x86
		{08D1B83A-6A48-4A6B-B310-8DE511F2A0D4}.Release|Mixed Platforms.Build.0 = Release|x86
		{08D1B83A-6A48-4A6B-B310-8DE511F2A0D4}.Release|x86.ActiveCfg = Release|x86
		{08D1B83A-6A48-4A6B-B310-8DE511F2A0D4}.Release|x86.Build.0 = Release|x86
		{0AB7A3BD-03B8-43C9-85DA-130C9D2A4C66}.Debug|Any CPU.ActiveCfg = Debug|Any CPU
		{0AB7A3BD-03B8-43C9-85DA-130C9D2A4C66}.Debug|Any CPU.Build.0 = Debug|Any CPU
		{0AB7A3BD-03B8-43C9-85DA-130C9D2A4C66}.Debug|Mixed Platforms.ActiveCfg = Debug|Any CPU
		{0AB7A3BD-03B8-43C9-85DA-130C9D2A4C66}.Debug|Mixed Platforms.Build.0 = Debug|Any CPU
		{0AB7A3BD-03B8-43C9-85DA-130C9D2A4C66}.Debug|x86.ActiveCfg = Debug|Any CPU
		{0AB7A3BD-03B8-43C9-85DA-130C9D2A4C66}.Release|Any CPU.ActiveCfg = Release|Any CPU
		{0AB7A3BD-03B8-43C9-85DA-130C9D2A4C66}.Release|Any CPU.Build.0 = Release|Any CPU
		{0AB7A3BD-03B8-43C9-85DA-130C9D2A4C66}.Release|Mixed Platforms.ActiveCfg = Release|Any CPU
		{0AB7A3BD-03B8-43C9-85DA-130C9D2A4C66}.Release|Mixed Platforms.Build.0 = Release|Any CPU
		{0AB7A3BD-03B8-43C9-85DA-130C9D2A4C66}.Release|x86.ActiveCfg = Release|Any CPU
		{CC9D75B6-8A5C-40E7-9E8D-8596C04974BA}.Debug|Any CPU.ActiveCfg = Debug|Any CPU
		{CC9D75B6-8A5C-40E7-9E8D-8596C04974BA}.Debug|Any CPU.Build.0 = Debug|Any CPU
		{CC9D75B6-8A5C-40E7-9E8D-8596C04974BA}.Debug|Mixed Platforms.ActiveCfg = Debug|Any CPU
		{CC9D75B6-8A5C-40E7-9E8D-8596C04974BA}.Debug|Mixed Platforms.Build.0 = Debug|Any CPU
		{CC9D75B6-8A5C-40E7-9E8D-8596C04974BA}.Debug|x86.ActiveCfg = Debug|Any CPU
		{CC9D75B6-8A5C-40E7-9E8D-8596C04974BA}.Release|Any CPU.ActiveCfg = Release|Any CPU
		{CC9D75B6-8A5C-40E7-9E8D-8596C04974BA}.Release|Any CPU.Build.0 = Release|Any CPU
		{CC9D75B6-8A5C-40E7-9E8D-8596C04974BA}.Release|Mixed Platforms.ActiveCfg = Release|Any CPU
		{CC9D75B6-8A5C-40E7-9E8D-8596C04974BA}.Release|Mixed Platforms.Build.0 = Release|Any CPU
		{CC9D75B6-8A5C-40E7-9E8D-8596C04974BA}.Release|x86.ActiveCfg = Release|Any CPU
		{56BA3E7C-BCCF-46A8-A01F-5F6347BB329C}.Debug|Any CPU.ActiveCfg = Debug|Any CPU
		{56BA3E7C-BCCF-46A8-A01F-5F6347BB329C}.Debug|Any CPU.Build.0 = Debug|Any CPU
		{56BA3E7C-BCCF-46A8-A01F-5F6347BB329C}.Debug|Mixed Platforms.ActiveCfg = Debug|Any CPU
		{56BA3E7C-BCCF-46A8-A01F-5F6347BB329C}.Debug|Mixed Platforms.Build.0 = Debug|Any CPU
		{56BA3E7C-BCCF-46A8-A01F-5F6347BB329C}.Debug|x86.ActiveCfg = Debug|Any CPU
		{56BA3E7C-BCCF-46A8-A01F-5F6347BB329C}.Release|Any CPU.ActiveCfg = Release|Any CPU
		{56BA3E7C-BCCF-46A8-A01F-5F6347BB329C}.Release|Any CPU.Build.0 = Release|Any CPU
		{56BA3E7C-BCCF-46A8-A01F-5F6347BB329C}.Release|Mixed Platforms.ActiveCfg = Release|Any CPU
		{56BA3E7C-BCCF-46A8-A01F-5F6347BB329C}.Release|Mixed Platforms.Build.0 = Release|Any CPU
		{56BA3E7C-BCCF-46A8-A01F-5F6347BB329C}.Release|x86.ActiveCfg = Release|Any CPU
		{2FEADF38-B4A7-4E5D-84EF-8C1018F0190F}.Debug|Any CPU.ActiveCfg = Debug|x86
		{2FEADF38-B4A7-4E5D-84EF-8C1018F0190F}.Debug|Mixed Platforms.ActiveCfg = Debug|x86
		{2FEADF38-B4A7-4E5D-84EF-8C1018F0190F}.Debug|Mixed Platforms.Build.0 = Debug|x86
		{2FEADF38-B4A7-4E5D-84EF-8C1018F0190F}.Debug|x86.ActiveCfg = Debug|x86
		{2FEADF38-B4A7-4E5D-84EF-8C1018F0190F}.Debug|x86.Build.0 = Debug|x86
		{2FEADF38-B4A7-4E5D-84EF-8C1018F0190F}.Release|Any CPU.ActiveCfg = Release|x86
		{2FEADF38-B4A7-4E5D-84EF-8C1018F0190F}.Release|Mixed Platforms.ActiveCfg = Release|x86
		{2FEADF38-B4A7-4E5D-84EF-8C1018F0190F}.Release|Mixed Platforms.Build.0 = Release|x86
		{2FEADF38-B4A7-4E5D-84EF-8C1018F0190F}.Release|x86.ActiveCfg = Release|x86
		{2FEADF38-B4A7-4E5D-84EF-8C1018F0190F}.Release|x86.Build.0 = Release|x86
		{CF682D43-7074-461C-8902-AEC0E8A37BCF}.Debug|Any CPU.ActiveCfg = Debug|Any CPU
		{CF682D43-7074-461C-8902-AEC0E8A37BCF}.Debug|Any CPU.Build.0 = Debug|Any CPU
		{CF682D43-7074-461C-8902-AEC0E8A37BCF}.Debug|Mixed Platforms.ActiveCfg = Debug|Any CPU
		{CF682D43-7074-461C-8902-AEC0E8A37BCF}.Debug|Mixed Platforms.Build.0 = Debug|Any CPU
		{CF682D43-7074-461C-8902-AEC0E8A37BCF}.Debug|x86.ActiveCfg = Debug|Any CPU
		{CF682D43-7074-461C-8902-AEC0E8A37BCF}.Release|Any CPU.ActiveCfg = Release|Any CPU
		{CF682D43-7074-461C-8902-AEC0E8A37BCF}.Release|Any CPU.Build.0 = Release|Any CPU
		{CF682D43-7074-461C-8902-AEC0E8A37BCF}.Release|Mixed Platforms.ActiveCfg = Release|Any CPU
		{CF682D43-7074-461C-8902-AEC0E8A37BCF}.Release|Mixed Platforms.Build.0 = Release|Any CPU
		{CF682D43-7074-461C-8902-AEC0E8A37BCF}.Release|x86.ActiveCfg = Release|Any CPU
		{08B7D9AC-B0DE-4D9B-BF73-6E33731EDFE2}.Debug|Any CPU.ActiveCfg = Debug|Any CPU
		{08B7D9AC-B0DE-4D9B-BF73-6E33731EDFE2}.Debug|Any CPU.Build.0 = Debug|Any CPU
		{08B7D9AC-B0DE-4D9B-BF73-6E33731EDFE2}.Debug|Mixed Platforms.ActiveCfg = Debug|Any CPU
		{08B7D9AC-B0DE-4D9B-BF73-6E33731EDFE2}.Debug|Mixed Platforms.Build.0 = Debug|Any CPU
		{08B7D9AC-B0DE-4D9B-BF73-6E33731EDFE2}.Debug|x86.ActiveCfg = Debug|Any CPU
		{08B7D9AC-B0DE-4D9B-BF73-6E33731EDFE2}.Release|Any CPU.ActiveCfg = Release|Any CPU
		{08B7D9AC-B0DE-4D9B-BF73-6E33731EDFE2}.Release|Any CPU.Build.0 = Release|Any CPU
		{08B7D9AC-B0DE-4D9B-BF73-6E33731EDFE2}.Release|Mixed Platforms.ActiveCfg = Release|Any CPU
		{08B7D9AC-B0DE-4D9B-BF73-6E33731EDFE2}.Release|Mixed Platforms.Build.0 = Release|Any CPU
		{08B7D9AC-B0DE-4D9B-BF73-6E33731EDFE2}.Release|x86.ActiveCfg = Release|Any CPU
		{FBEF5A23-F32E-4466-ACA1-D5EDA63197CF}.Debug|Any CPU.ActiveCfg = Debug|x86
		{FBEF5A23-F32E-4466-ACA1-D5EDA63197CF}.Debug|Mixed Platforms.ActiveCfg = Debug|x86
		{FBEF5A23-F32E-4466-ACA1-D5EDA63197CF}.Debug|Mixed Platforms.Build.0 = Debug|x86
		{FBEF5A23-F32E-4466-ACA1-D5EDA63197CF}.Debug|x86.ActiveCfg = Debug|x86
		{FBEF5A23-F32E-4466-ACA1-D5EDA63197CF}.Debug|x86.Build.0 = Debug|x86
		{FBEF5A23-F32E-4466-ACA1-D5EDA63197CF}.Release|Any CPU.ActiveCfg = Release|x86
		{FBEF5A23-F32E-4466-ACA1-D5EDA63197CF}.Release|Mixed Platforms.ActiveCfg = Release|x86
		{FBEF5A23-F32E-4466-ACA1-D5EDA63197CF}.Release|Mixed Platforms.Build.0 = Release|x86
		{FBEF5A23-F32E-4466-ACA1-D5EDA63197CF}.Release|x86.ActiveCfg = Release|x86
		{FBEF5A23-F32E-4466-ACA1-D5EDA63197CF}.Release|x86.Build.0 = Release|x86
		{A4F9F850-92E8-4AF2-96A5-90C0FFCD5242}.Debug|Any CPU.ActiveCfg = Debug|x86
		{A4F9F850-92E8-4AF2-96A5-90C0FFCD5242}.Debug|Mixed Platforms.ActiveCfg = Debug|x86
		{A4F9F850-92E8-4AF2-96A5-90C0FFCD5242}.Debug|Mixed Platforms.Build.0 = Debug|x86
		{A4F9F850-92E8-4AF2-96A5-90C0FFCD5242}.Debug|x86.ActiveCfg = Debug|x86
		{A4F9F850-92E8-4AF2-96A5-90C0FFCD5242}.Debug|x86.Build.0 = Debug|x86
		{A4F9F850-92E8-4AF2-96A5-90C0FFCD5242}.Release|Any CPU.ActiveCfg = Release|x86
		{A4F9F850-92E8-4AF2-96A5-90C0FFCD5242}.Release|Mixed Platforms.ActiveCfg = Release|x86
		{A4F9F850-92E8-4AF2-96A5-90C0FFCD5242}.Release|Mixed Platforms.Build.0 = Release|x86
		{A4F9F850-92E8-4AF2-96A5-90C0FFCD5242}.Release|x86.ActiveCfg = Release|x86
		{A4F9F850-92E8-4AF2-96A5-90C0FFCD5242}.Release|x86.Build.0 = Release|x86
		{791E29C6-962B-46A3-AA57-16EF2670597F}.Debug|Any CPU.ActiveCfg = Debug|x86
		{791E29C6-962B-46A3-AA57-16EF2670597F}.Debug|Mixed Platforms.ActiveCfg = Debug|x86
		{791E29C6-962B-46A3-AA57-16EF2670597F}.Debug|Mixed Platforms.Build.0 = Debug|x86
		{791E29C6-962B-46A3-AA57-16EF2670597F}.Debug|x86.ActiveCfg = Debug|x86
		{791E29C6-962B-46A3-AA57-16EF2670597F}.Debug|x86.Build.0 = Debug|x86
		{791E29C6-962B-46A3-AA57-16EF2670597F}.Release|Any CPU.ActiveCfg = Release|x86
		{791E29C6-962B-46A3-AA57-16EF2670597F}.Release|Mixed Platforms.ActiveCfg = Release|x86
		{791E29C6-962B-46A3-AA57-16EF2670597F}.Release|Mixed Platforms.Build.0 = Release|x86
		{791E29C6-962B-46A3-AA57-16EF2670597F}.Release|x86.ActiveCfg = Release|x86
		{791E29C6-962B-46A3-AA57-16EF2670597F}.Release|x86.Build.0 = Release|x86
		{CF142570-A13D-4E6B-BBCE-D713F3C96ACD}.Debug|Any CPU.ActiveCfg = Debug|x86
		{CF142570-A13D-4E6B-BBCE-D713F3C96ACD}.Debug|Mixed Platforms.ActiveCfg = Debug|x86
		{CF142570-A13D-4E6B-BBCE-D713F3C96ACD}.Debug|Mixed Platforms.Build.0 = Debug|x86
		{CF142570-A13D-4E6B-BBCE-D713F3C96ACD}.Debug|x86.ActiveCfg = Debug|x86
		{CF142570-A13D-4E6B-BBCE-D713F3C96ACD}.Debug|x86.Build.0 = Debug|x86
		{CF142570-A13D-4E6B-BBCE-D713F3C96ACD}.Release|Any CPU.ActiveCfg = Release|x86
		{CF142570-A13D-4E6B-BBCE-D713F3C96ACD}.Release|Mixed Platforms.ActiveCfg = Release|x86
		{CF142570-A13D-4E6B-BBCE-D713F3C96ACD}.Release|Mixed Platforms.Build.0 = Release|x86
		{CF142570-A13D-4E6B-BBCE-D713F3C96ACD}.Release|x86.ActiveCfg = Release|x86
		{CF142570-A13D-4E6B-BBCE-D713F3C96ACD}.Release|x86.Build.0 = Release|x86
		{AA8F01B4-7F84-412B-8387-A2D135D70D17}.Debug|Any CPU.ActiveCfg = Debug|x86
		{AA8F01B4-7F84-412B-8387-A2D135D70D17}.Debug|Mixed Platforms.ActiveCfg = Debug|x86
		{AA8F01B4-7F84-412B-8387-A2D135D70D17}.Debug|Mixed Platforms.Build.0 = Debug|x86
		{AA8F01B4-7F84-412B-8387-A2D135D70D17}.Debug|x86.ActiveCfg = Debug|x86
		{AA8F01B4-7F84-412B-8387-A2D135D70D17}.Debug|x86.Build.0 = Debug|x86
		{AA8F01B4-7F84-412B-8387-A2D135D70D17}.Release|Any CPU.ActiveCfg = Release|x86
		{AA8F01B4-7F84-412B-8387-A2D135D70D17}.Release|Mixed Platforms.ActiveCfg = Release|x86
		{AA8F01B4-7F84-412B-8387-A2D135D70D17}.Release|Mixed Platforms.Build.0 = Release|x86
		{AA8F01B4-7F84-412B-8387-A2D135D70D17}.Release|x86.ActiveCfg = Release|x86
		{AA8F01B4-7F84-412B-8387-A2D135D70D17}.Release|x86.Build.0 = Release|x86
		{526C0D39-F0D0-4E06-BA57-CE707ADF21F2}.Debug|Any CPU.ActiveCfg = Debug|Any CPU
		{526C0D39-F0D0-4E06-BA57-CE707ADF21F2}.Debug|Any CPU.Build.0 = Debug|Any CPU
		{526C0D39-F0D0-4E06-BA57-CE707ADF21F2}.Debug|Mixed Platforms.ActiveCfg = Debug|Any CPU
		{526C0D39-F0D0-4E06-BA57-CE707ADF21F2}.Debug|Mixed Platforms.Build.0 = Debug|Any CPU
		{526C0D39-F0D0-4E06-BA57-CE707ADF21F2}.Debug|x86.ActiveCfg = Debug|Any CPU
		{526C0D39-F0D0-4E06-BA57-CE707ADF21F2}.Release|Any CPU.ActiveCfg = Release|Any CPU
		{526C0D39-F0D0-4E06-BA57-CE707ADF21F2}.Release|Any CPU.Build.0 = Release|Any CPU
		{526C0D39-F0D0-4E06-BA57-CE707ADF21F2}.Release|Mixed Platforms.ActiveCfg = Release|Any CPU
		{526C0D39-F0D0-4E06-BA57-CE707ADF21F2}.Release|Mixed Platforms.Build.0 = Release|Any CPU
		{526C0D39-F0D0-4E06-BA57-CE707ADF21F2}.Release|x86.ActiveCfg = Release|Any CPU
		{C8DD70E8-CB6A-4C78-939C-9F9A3BEC87AE}.Debug|Any CPU.ActiveCfg = Debug|x86
		{C8DD70E8-CB6A-4C78-939C-9F9A3BEC87AE}.Debug|Mixed Platforms.ActiveCfg = Debug|x86
		{C8DD70E8-CB6A-4C78-939C-9F9A3BEC87AE}.Debug|Mixed Platforms.Build.0 = Debug|x86
		{C8DD70E8-CB6A-4C78-939C-9F9A3BEC87AE}.Debug|x86.ActiveCfg = Debug|x86
		{C8DD70E8-CB6A-4C78-939C-9F9A3BEC87AE}.Debug|x86.Build.0 = Debug|x86
		{C8DD70E8-CB6A-4C78-939C-9F9A3BEC87AE}.Release|Any CPU.ActiveCfg = Release|x86
		{C8DD70E8-CB6A-4C78-939C-9F9A3BEC87AE}.Release|Mixed Platforms.ActiveCfg = Release|x86
		{C8DD70E8-CB6A-4C78-939C-9F9A3BEC87AE}.Release|Mixed Platforms.Build.0 = Release|x86
		{C8DD70E8-CB6A-4C78-939C-9F9A3BEC87AE}.Release|x86.ActiveCfg = Release|x86
		{C8DD70E8-CB6A-4C78-939C-9F9A3BEC87AE}.Release|x86.Build.0 = Release|x86
		{6F1E681F-9E57-45C0-80CC-ACB7AFAD4091}.Debug|Any CPU.ActiveCfg = Debug|x86
		{6F1E681F-9E57-45C0-80CC-ACB7AFAD4091}.Debug|Mixed Platforms.ActiveCfg = Debug|x86
		{6F1E681F-9E57-45C0-80CC-ACB7AFAD4091}.Debug|Mixed Platforms.Build.0 = Debug|x86
		{6F1E681F-9E57-45C0-80CC-ACB7AFAD4091}.Debug|x86.ActiveCfg = Debug|x86
		{6F1E681F-9E57-45C0-80CC-ACB7AFAD4091}.Debug|x86.Build.0 = Debug|x86
		{6F1E681F-9E57-45C0-80CC-ACB7AFAD4091}.Release|Any CPU.ActiveCfg = Release|x86
		{6F1E681F-9E57-45C0-80CC-ACB7AFAD4091}.Release|Mixed Platforms.ActiveCfg = Release|x86
		{6F1E681F-9E57-45C0-80CC-ACB7AFAD4091}.Release|Mixed Platforms.Build.0 = Release|x86
		{6F1E681F-9E57-45C0-80CC-ACB7AFAD4091}.Release|x86.ActiveCfg = Release|x86
		{6F1E681F-9E57-45C0-80CC-ACB7AFAD4091}.Release|x86.Build.0 = Release|x86
		{3C5CC4A0-2310-4929-8465-B148A0533AD9}.Debug|Any CPU.ActiveCfg = Debug|x86
		{3C5CC4A0-2310-4929-8465-B148A0533AD9}.Debug|Mixed Platforms.ActiveCfg = Debug|x86
		{3C5CC4A0-2310-4929-8465-B148A0533AD9}.Debug|Mixed Platforms.Build.0 = Debug|x86
		{3C5CC4A0-2310-4929-8465-B148A0533AD9}.Debug|x86.ActiveCfg = Debug|x86
		{3C5CC4A0-2310-4929-8465-B148A0533AD9}.Debug|x86.Build.0 = Debug|x86
		{3C5CC4A0-2310-4929-8465-B148A0533AD9}.Release|Any CPU.ActiveCfg = Release|x86
		{3C5CC4A0-2310-4929-8465-B148A0533AD9}.Release|Mixed Platforms.ActiveCfg = Release|x86
		{3C5CC4A0-2310-4929-8465-B148A0533AD9}.Release|Mixed Platforms.Build.0 = Release|x86
		{3C5CC4A0-2310-4929-8465-B148A0533AD9}.Release|x86.ActiveCfg = Release|x86
		{3C5CC4A0-2310-4929-8465-B148A0533AD9}.Release|x86.Build.0 = Release|x86
		{58B53F28-2E7F-44EA-BE16-C018E8C508D2}.Debug|Any CPU.ActiveCfg = Debug|x86
		{58B53F28-2E7F-44EA-BE16-C018E8C508D2}.Debug|Mixed Platforms.ActiveCfg = Debug|x86
		{58B53F28-2E7F-44EA-BE16-C018E8C508D2}.Debug|Mixed Platforms.Build.0 = Debug|x86
		{58B53F28-2E7F-44EA-BE16-C018E8C508D2}.Debug|x86.ActiveCfg = Debug|x86
		{58B53F28-2E7F-44EA-BE16-C018E8C508D2}.Debug|x86.Build.0 = Debug|x86
		{58B53F28-2E7F-44EA-BE16-C018E8C508D2}.Release|Any CPU.ActiveCfg = Release|x86
		{58B53F28-2E7F-44EA-BE16-C018E8C508D2}.Release|Mixed Platforms.ActiveCfg = Release|x86
		{58B53F28-2E7F-44EA-BE16-C018E8C508D2}.Release|Mixed Platforms.Build.0 = Release|x86
		{58B53F28-2E7F-44EA-BE16-C018E8C508D2}.Release|x86.ActiveCfg = Release|x86
		{58B53F28-2E7F-44EA-BE16-C018E8C508D2}.Release|x86.Build.0 = Release|x86
		{04AB732F-0F8E-4E0A-912E-BE5B4124CB5A}.Debug|Any CPU.ActiveCfg = Debug|x86
		{04AB732F-0F8E-4E0A-912E-BE5B4124CB5A}.Debug|Mixed Platforms.ActiveCfg = Debug|x86
		{04AB732F-0F8E-4E0A-912E-BE5B4124CB5A}.Debug|Mixed Platforms.Build.0 = Debug|x86
		{04AB732F-0F8E-4E0A-912E-BE5B4124CB5A}.Debug|x86.ActiveCfg = Debug|x86
		{04AB732F-0F8E-4E0A-912E-BE5B4124CB5A}.Debug|x86.Build.0 = Debug|x86
		{04AB732F-0F8E-4E0A-912E-BE5B4124CB5A}.Release|Any CPU.ActiveCfg = Release|x86
		{04AB732F-0F8E-4E0A-912E-BE5B4124CB5A}.Release|Mixed Platforms.ActiveCfg = Release|x86
		{04AB732F-0F8E-4E0A-912E-BE5B4124CB5A}.Release|Mixed Platforms.Build.0 = Release|x86
		{04AB732F-0F8E-4E0A-912E-BE5B4124CB5A}.Release|x86.ActiveCfg = Release|x86
		{04AB732F-0F8E-4E0A-912E-BE5B4124CB5A}.Release|x86.Build.0 = Release|x86
		{6CE3640A-6D2A-4AE9-BC35-7FCCB1A0CF00}.Debug|Any CPU.ActiveCfg = Debug|Any CPU
		{6CE3640A-6D2A-4AE9-BC35-7FCCB1A0CF00}.Debug|Any CPU.Build.0 = Debug|Any CPU
		{6CE3640A-6D2A-4AE9-BC35-7FCCB1A0CF00}.Debug|Mixed Platforms.ActiveCfg = Debug|Any CPU
		{6CE3640A-6D2A-4AE9-BC35-7FCCB1A0CF00}.Debug|Mixed Platforms.Build.0 = Debug|Any CPU
		{6CE3640A-6D2A-4AE9-BC35-7FCCB1A0CF00}.Debug|x86.ActiveCfg = Debug|Any CPU
		{6CE3640A-6D2A-4AE9-BC35-7FCCB1A0CF00}.Release|Any CPU.ActiveCfg = Release|Any CPU
		{6CE3640A-6D2A-4AE9-BC35-7FCCB1A0CF00}.Release|Any CPU.Build.0 = Release|Any CPU
		{6CE3640A-6D2A-4AE9-BC35-7FCCB1A0CF00}.Release|Mixed Platforms.ActiveCfg = Release|Any CPU
		{6CE3640A-6D2A-4AE9-BC35-7FCCB1A0CF00}.Release|Mixed Platforms.Build.0 = Release|Any CPU
		{6CE3640A-6D2A-4AE9-BC35-7FCCB1A0CF00}.Release|x86.ActiveCfg = Release|Any CPU
		{2BBF565D-50AD-43A1-A3AA-2160DBD4AF8F}.Debug|Any CPU.ActiveCfg = Debug|Any CPU
		{2BBF565D-50AD-43A1-A3AA-2160DBD4AF8F}.Debug|Any CPU.Build.0 = Debug|Any CPU
		{2BBF565D-50AD-43A1-A3AA-2160DBD4AF8F}.Debug|Mixed Platforms.ActiveCfg = Debug|Any CPU
		{2BBF565D-50AD-43A1-A3AA-2160DBD4AF8F}.Debug|Mixed Platforms.Build.0 = Debug|Any CPU
		{2BBF565D-50AD-43A1-A3AA-2160DBD4AF8F}.Debug|x86.ActiveCfg = Debug|Any CPU
		{2BBF565D-50AD-43A1-A3AA-2160DBD4AF8F}.Release|Any CPU.ActiveCfg = Release|Any CPU
		{2BBF565D-50AD-43A1-A3AA-2160DBD4AF8F}.Release|Any CPU.Build.0 = Release|Any CPU
		{2BBF565D-50AD-43A1-A3AA-2160DBD4AF8F}.Release|Mixed Platforms.ActiveCfg = Release|Any CPU
		{2BBF565D-50AD-43A1-A3AA-2160DBD4AF8F}.Release|Mixed Platforms.Build.0 = Release|Any CPU
		{2BBF565D-50AD-43A1-A3AA-2160DBD4AF8F}.Release|x86.ActiveCfg = Release|Any CPU
		{235DB778-52DC-40F0-88BB-66EFFB07B1F6}.Debug|Any CPU.ActiveCfg = Debug|Any CPU
		{235DB778-52DC-40F0-88BB-66EFFB07B1F6}.Debug|Any CPU.Build.0 = Debug|Any CPU
		{235DB778-52DC-40F0-88BB-66EFFB07B1F6}.Debug|Mixed Platforms.ActiveCfg = Debug|Any CPU
		{235DB778-52DC-40F0-88BB-66EFFB07B1F6}.Debug|Mixed Platforms.Build.0 = Debug|Any CPU
		{235DB778-52DC-40F0-88BB-66EFFB07B1F6}.Debug|x86.ActiveCfg = Debug|Any CPU
		{235DB778-52DC-40F0-88BB-66EFFB07B1F6}.Release|Any CPU.ActiveCfg = Release|Any CPU
		{235DB778-52DC-40F0-88BB-66EFFB07B1F6}.Release|Any CPU.Build.0 = Release|Any CPU
		{235DB778-52DC-40F0-88BB-66EFFB07B1F6}.Release|Mixed Platforms.ActiveCfg = Release|Any CPU
		{235DB778-52DC-40F0-88BB-66EFFB07B1F6}.Release|Mixed Platforms.Build.0 = Release|Any CPU
		{235DB778-52DC-40F0-88BB-66EFFB07B1F6}.Release|x86.ActiveCfg = Release|Any CPU
		{7C62F001-C88B-495B-AF81-B28BFFFCA425}.Debug|Any CPU.ActiveCfg = Debug|Any CPU
		{7C62F001-C88B-495B-AF81-B28BFFFCA425}.Debug|Any CPU.Build.0 = Debug|Any CPU
		{7C62F001-C88B-495B-AF81-B28BFFFCA425}.Debug|Mixed Platforms.ActiveCfg = Debug|Any CPU
		{7C62F001-C88B-495B-AF81-B28BFFFCA425}.Debug|Mixed Platforms.Build.0 = Debug|Any CPU
		{7C62F001-C88B-495B-AF81-B28BFFFCA425}.Debug|x86.ActiveCfg = Debug|Any CPU
		{7C62F001-C88B-495B-AF81-B28BFFFCA425}.Release|Any CPU.ActiveCfg = Release|Any CPU
		{7C62F001-C88B-495B-AF81-B28BFFFCA425}.Release|Any CPU.Build.0 = Release|Any CPU
		{7C62F001-C88B-495B-AF81-B28BFFFCA425}.Release|Mixed Platforms.ActiveCfg = Release|Any CPU
		{7C62F001-C88B-495B-AF81-B28BFFFCA425}.Release|Mixed Platforms.Build.0 = Release|Any CPU
		{7C62F001-C88B-495B-AF81-B28BFFFCA425}.Release|x86.ActiveCfg = Release|Any CPU
		{3A6B92FE-FF6C-48DE-9EAA-350B3F28C8BD}.Debug|Any CPU.ActiveCfg = Debug|x86
		{3A6B92FE-FF6C-48DE-9EAA-350B3F28C8BD}.Debug|Mixed Platforms.ActiveCfg = Debug|x86
		{3A6B92FE-FF6C-48DE-9EAA-350B3F28C8BD}.Debug|Mixed Platforms.Build.0 = Debug|x86
		{3A6B92FE-FF6C-48DE-9EAA-350B3F28C8BD}.Debug|x86.ActiveCfg = Debug|x86
		{3A6B92FE-FF6C-48DE-9EAA-350B3F28C8BD}.Debug|x86.Build.0 = Debug|x86
		{3A6B92FE-FF6C-48DE-9EAA-350B3F28C8BD}.Release|Any CPU.ActiveCfg = Release|x86
		{3A6B92FE-FF6C-48DE-9EAA-350B3F28C8BD}.Release|Mixed Platforms.ActiveCfg = Release|x86
		{3A6B92FE-FF6C-48DE-9EAA-350B3F28C8BD}.Release|Mixed Platforms.Build.0 = Release|x86
		{3A6B92FE-FF6C-48DE-9EAA-350B3F28C8BD}.Release|x86.ActiveCfg = Release|x86
		{3A6B92FE-FF6C-48DE-9EAA-350B3F28C8BD}.Release|x86.Build.0 = Release|x86
		{6C144BFA-3F63-4DD5-8F58-15BEB942138C}.Debug|Any CPU.ActiveCfg = Debug|x86
		{6C144BFA-3F63-4DD5-8F58-15BEB942138C}.Debug|Mixed Platforms.ActiveCfg = Debug|x86
		{6C144BFA-3F63-4DD5-8F58-15BEB942138C}.Debug|Mixed Platforms.Build.0 = Debug|x86
		{6C144BFA-3F63-4DD5-8F58-15BEB942138C}.Debug|x86.ActiveCfg = Debug|x86
		{6C144BFA-3F63-4DD5-8F58-15BEB942138C}.Debug|x86.Build.0 = Debug|x86
		{6C144BFA-3F63-4DD5-8F58-15BEB942138C}.Release|Any CPU.ActiveCfg = Release|x86
		{6C144BFA-3F63-4DD5-8F58-15BEB942138C}.Release|Mixed Platforms.ActiveCfg = Release|x86
		{6C144BFA-3F63-4DD5-8F58-15BEB942138C}.Release|Mixed Platforms.Build.0 = Release|x86
		{6C144BFA-3F63-4DD5-8F58-15BEB942138C}.Release|x86.ActiveCfg = Release|x86
		{6C144BFA-3F63-4DD5-8F58-15BEB942138C}.Release|x86.Build.0 = Release|x86
		{EEDED932-6B28-44B7-BD07-4F79E28DD150}.Debug|Any CPU.ActiveCfg = Debug|Any CPU
		{EEDED932-6B28-44B7-BD07-4F79E28DD150}.Debug|Any CPU.Build.0 = Debug|Any CPU
		{EEDED932-6B28-44B7-BD07-4F79E28DD150}.Debug|Mixed Platforms.ActiveCfg = Debug|Any CPU
		{EEDED932-6B28-44B7-BD07-4F79E28DD150}.Debug|Mixed Platforms.Build.0 = Debug|Any CPU
		{EEDED932-6B28-44B7-BD07-4F79E28DD150}.Debug|x86.ActiveCfg = Debug|Any CPU
		{EEDED932-6B28-44B7-BD07-4F79E28DD150}.Release|Any CPU.ActiveCfg = Release|Any CPU
		{EEDED932-6B28-44B7-BD07-4F79E28DD150}.Release|Any CPU.Build.0 = Release|Any CPU
		{EEDED932-6B28-44B7-BD07-4F79E28DD150}.Release|Mixed Platforms.ActiveCfg = Release|Any CPU
		{EEDED932-6B28-44B7-BD07-4F79E28DD150}.Release|Mixed Platforms.Build.0 = Release|Any CPU
		{EEDED932-6B28-44B7-BD07-4F79E28DD150}.Release|x86.ActiveCfg = Release|Any CPU
		{F075CEE6-187E-4BF9-892C-B3A9936771AF}.Debug|Any CPU.ActiveCfg = Debug|x86
		{F075CEE6-187E-4BF9-892C-B3A9936771AF}.Debug|Mixed Platforms.ActiveCfg = Debug|x86
		{F075CEE6-187E-4BF9-892C-B3A9936771AF}.Debug|Mixed Platforms.Build.0 = Debug|x86
		{F075CEE6-187E-4BF9-892C-B3A9936771AF}.Debug|x86.ActiveCfg = Debug|x86
		{F075CEE6-187E-4BF9-892C-B3A9936771AF}.Debug|x86.Build.0 = Debug|x86
		{F075CEE6-187E-4BF9-892C-B3A9936771AF}.Release|Any CPU.ActiveCfg = Release|x86
		{F075CEE6-187E-4BF9-892C-B3A9936771AF}.Release|Mixed Platforms.ActiveCfg = Release|x86
		{F075CEE6-187E-4BF9-892C-B3A9936771AF}.Release|Mixed Platforms.Build.0 = Release|x86
		{F075CEE6-187E-4BF9-892C-B3A9936771AF}.Release|x86.ActiveCfg = Release|x86
		{F075CEE6-187E-4BF9-892C-B3A9936771AF}.Release|x86.Build.0 = Release|x86
		{B2E2465E-04D2-4398-9D7B-170B0AE1A983}.Debug|Any CPU.ActiveCfg = Debug|x86
		{B2E2465E-04D2-4398-9D7B-170B0AE1A983}.Debug|Mixed Platforms.ActiveCfg = Debug|x86
		{B2E2465E-04D2-4398-9D7B-170B0AE1A983}.Debug|Mixed Platforms.Build.0 = Debug|x86
		{B2E2465E-04D2-4398-9D7B-170B0AE1A983}.Debug|x86.ActiveCfg = Debug|x86
		{B2E2465E-04D2-4398-9D7B-170B0AE1A983}.Debug|x86.Build.0 = Debug|x86
		{B2E2465E-04D2-4398-9D7B-170B0AE1A983}.Release|Any CPU.ActiveCfg = Release|x86
		{B2E2465E-04D2-4398-9D7B-170B0AE1A983}.Release|Mixed Platforms.ActiveCfg = Release|x86
		{B2E2465E-04D2-4398-9D7B-170B0AE1A983}.Release|Mixed Platforms.Build.0 = Release|x86
		{B2E2465E-04D2-4398-9D7B-170B0AE1A983}.Release|x86.ActiveCfg = Release|x86
		{B2E2465E-04D2-4398-9D7B-170B0AE1A983}.Release|x86.Build.0 = Release|x86
		{49FE5678-9F15-4D9C-94DA-B49829668E5F}.Debug|Any CPU.ActiveCfg = Debug|x86
		{49FE5678-9F15-4D9C-94DA-B49829668E5F}.Debug|Mixed Platforms.ActiveCfg = Debug|x86
		{49FE5678-9F15-4D9C-94DA-B49829668E5F}.Debug|Mixed Platforms.Build.0 = Debug|x86
		{49FE5678-9F15-4D9C-94DA-B49829668E5F}.Debug|x86.ActiveCfg = Debug|x86
		{49FE5678-9F15-4D9C-94DA-B49829668E5F}.Debug|x86.Build.0 = Debug|x86
		{49FE5678-9F15-4D9C-94DA-B49829668E5F}.Release|Any CPU.ActiveCfg = Release|x86
		{49FE5678-9F15-4D9C-94DA-B49829668E5F}.Release|Mixed Platforms.ActiveCfg = Release|x86
		{49FE5678-9F15-4D9C-94DA-B49829668E5F}.Release|Mixed Platforms.Build.0 = Release|x86
		{49FE5678-9F15-4D9C-94DA-B49829668E5F}.Release|x86.ActiveCfg = Release|x86
		{49FE5678-9F15-4D9C-94DA-B49829668E5F}.Release|x86.Build.0 = Release|x86
	EndGlobalSection
	GlobalSection(SolutionProperties) = preSolution
		HideSolutionNode = FALSE
	EndGlobalSection
EndGlobal
